// !$*UTF8*$!
{
	archiveVersion = 1;
	classes = {
	};
	objectVersion = 46;
	objects = {

/* Begin PBXBuildFile section */
		DB76740D1D06B2D600DE8849 /* main.m in Sources */ = {isa = PBXBuildFile; fileRef = DB76740C1D06B2D600DE8849 /* main.m */; };
		DB7674101D06B2D600DE8849 /* AppDelegate.m in Sources */ = {isa = PBXBuildFile; fileRef = DB76740F1D06B2D600DE8849 /* AppDelegate.m */; };
		DB7674161D06B2D600DE8849 /* Main.storyboard in Resources */ = {isa = PBXBuildFile; fileRef = DB7674141D06B2D600DE8849 /* Main.storyboard */; };
		DB7674181D06B2D600DE8849 /* Images.xcassets in Resources */ = {isa = PBXBuildFile; fileRef = DB7674171D06B2D600DE8849 /* Images.xcassets */; };
		DB76741B1D06B2D600DE8849 /* LaunchScreen.xib in Resources */ = {isa = PBXBuildFile; fileRef = DB7674191D06B2D600DE8849 /* LaunchScreen.xib */; };
		DB7674271D06B2D600DE8849 /* DatePickerTests.m in Sources */ = {isa = PBXBuildFile; fileRef = DB7674261D06B2D600DE8849 /* DatePickerTests.m */; };
		DB7674321D06B32D00DE8849 /* DatePickerViewController.m in Sources */ = {isa = PBXBuildFile; fileRef = DB7674311D06B32D00DE8849 /* DatePickerViewController.m */; };
		DB7674351D06B39700DE8849 /* SingleComponentPickerViewController.m in Sources */ = {isa = PBXBuildFile; fileRef = DB7674341D06B39700DE8849 /* SingleComponentPickerViewController.m */; };
		DB7674381D06B3B600DE8849 /* DoubleComponentPickerViewController.m in Sources */ = {isa = PBXBuildFile; fileRef = DB7674371D06B3B600DE8849 /* DoubleComponentPickerViewController.m */; };
		DB76743B1D06B3CC00DE8849 /* DependentComponentPickerViewController.m in Sources */ = {isa = PBXBuildFile; fileRef = DB76743A1D06B3CC00DE8849 /* DependentComponentPickerViewController.m */; };
		DB76743E1D06B3DD00DE8849 /* CustomPickerViewController.m in Sources */ = {isa = PBXBuildFile; fileRef = DB76743D1D06B3DD00DE8849 /* CustomPickerViewController.m */; };
		DB7674401D072FBF00DE8849 /* statedictionary.plist in Resources */ = {isa = PBXBuildFile; fileRef = DB76743F1D072FBF00DE8849 /* statedictionary.plist */; };
		DBAFC97C1D0801D400793B5F /* crunch.wav in Resources */ = {isa = PBXBuildFile; fileRef = DBAFC97A1D0801D400793B5F /* crunch.wav */; };
		DBAFC97D1D0801D400793B5F /* win.wav in Resources */ = {isa = PBXBuildFile; fileRef = DBAFC97B1D0801D400793B5F /* win.wav */; };
/* End PBXBuildFile section */

/* Begin PBXContainerItemProxy section */
		DB7674211D06B2D600DE8849 /* PBXContainerItemProxy */ = {
			isa = PBXContainerItemProxy;
			containerPortal = DB7673FF1D06B2D600DE8849 /* Project object */;
			proxyType = 1;
			remoteGlobalIDString = DB7674061D06B2D600DE8849;
			remoteInfo = DatePicker;
		};
/* End PBXContainerItemProxy section */

/* Begin PBXFileReference section */
		DB7674071D06B2D600DE8849 /* DatePicker.app */ = {isa = PBXFileReference; explicitFileType = wrapper.application; includeInIndex = 0; path = DatePicker.app; sourceTree = BUILT_PRODUCTS_DIR; };
		DB76740B1D06B2D600DE8849 /* Info.plist */ = {isa = PBXFileReference; lastKnownFileType = text.plist.xml; path = Info.plist; sourceTree = "<group>"; };
		DB76740C1D06B2D600DE8849 /* main.m */ = {isa = PBXFileReference; lastKnownFileType = sourcecode.c.objc; path = main.m; sourceTree = "<group>"; };
		DB76740E1D06B2D600DE8849 /* AppDelegate.h */ = {isa = PBXFileReference; lastKnownFileType = sourcecode.c.h; path = AppDelegate.h; sourceTree = "<group>"; };
		DB76740F1D06B2D600DE8849 /* AppDelegate.m */ = {isa = PBXFileReference; lastKnownFileType = sourcecode.c.objc; path = AppDelegate.m; sourceTree = "<group>"; };
		DB7674151D06B2D600DE8849 /* Base */ = {isa = PBXFileReference; lastKnownFileType = file.storyboard; name = Base; path = Base.lproj/Main.storyboard; sourceTree = "<group>"; };
		DB7674171D06B2D600DE8849 /* Images.xcassets */ = {isa = PBXFileReference; lastKnownFileType = folder.assetcatalog; path = Images.xcassets; sourceTree = "<group>"; };
		DB76741A1D06B2D600DE8849 /* Base */ = {isa = PBXFileReference; lastKnownFileType = file.xib; name = Base; path = Base.lproj/LaunchScreen.xib; sourceTree = "<group>"; };
		DB7674201D06B2D600DE8849 /* DatePickerTests.xctest */ = {isa = PBXFileReference; explicitFileType = wrapper.cfbundle; includeInIndex = 0; path = DatePickerTests.xctest; sourceTree = BUILT_PRODUCTS_DIR; };
		DB7674251D06B2D600DE8849 /* Info.plist */ = {isa = PBXFileReference; lastKnownFileType = text.plist.xml; path = Info.plist; sourceTree = "<group>"; };
		DB7674261D06B2D600DE8849 /* DatePickerTests.m */ = {isa = PBXFileReference; lastKnownFileType = sourcecode.c.objc; path = DatePickerTests.m; sourceTree = "<group>"; };
		DB7674301D06B32D00DE8849 /* DatePickerViewController.h */ = {isa = PBXFileReference; fileEncoding = 4; lastKnownFileType = sourcecode.c.h; path = DatePickerViewController.h; sourceTree = "<group>"; };
		DB7674311D06B32D00DE8849 /* DatePickerViewController.m */ = {isa = PBXFileReference; fileEncoding = 4; lastKnownFileType = sourcecode.c.objc; path = DatePickerViewController.m; sourceTree = "<group>"; };
		DB7674331D06B39700DE8849 /* SingleComponentPickerViewController.h */ = {isa = PBXFileReference; fileEncoding = 4; lastKnownFileType = sourcecode.c.h; path = SingleComponentPickerViewController.h; sourceTree = "<group>"; };
		DB7674341D06B39700DE8849 /* SingleComponentPickerViewController.m */ = {isa = PBXFileReference; fileEncoding = 4; lastKnownFileType = sourcecode.c.objc; path = SingleComponentPickerViewController.m; sourceTree = "<group>"; };
		DB7674361D06B3B600DE8849 /* DoubleComponentPickerViewController.h */ = {isa = PBXFileReference; fileEncoding = 4; lastKnownFileType = sourcecode.c.h; path = DoubleComponentPickerViewController.h; sourceTree = "<group>"; };
		DB7674371D06B3B600DE8849 /* DoubleComponentPickerViewController.m */ = {isa = PBXFileReference; fileEncoding = 4; lastKnownFileType = sourcecode.c.objc; path = DoubleComponentPickerViewController.m; sourceTree = "<group>"; };
		DB7674391D06B3CC00DE8849 /* DependentComponentPickerViewController.h */ = {isa = PBXFileReference; fileEncoding = 4; lastKnownFileType = sourcecode.c.h; path = DependentComponentPickerViewController.h; sourceTree = "<group>"; };
		DB76743A1D06B3CC00DE8849 /* DependentComponentPickerViewController.m */ = {isa = PBXFileReference; fileEncoding = 4; lastKnownFileType = sourcecode.c.objc; path = DependentComponentPickerViewController.m; sourceTree = "<group>"; };
		DB76743C1D06B3DD00DE8849 /* CustomPickerViewController.h */ = {isa = PBXFileReference; fileEncoding = 4; lastKnownFileType = sourcecode.c.h; path = CustomPickerViewController.h; sourceTree = "<group>"; };
		DB76743D1D06B3DD00DE8849 /* CustomPickerViewController.m */ = {isa = PBXFileReference; fileEncoding = 4; lastKnownFileType = sourcecode.c.objc; path = CustomPickerViewController.m; sourceTree = "<group>"; };
		DB76743F1D072FBF00DE8849 /* statedictionary.plist */ = {isa = PBXFileReference; fileEncoding = 4; lastKnownFileType = text.plist.xml; path = statedictionary.plist; sourceTree = "<group>"; };
		DBAFC97A1D0801D400793B5F /* crunch.wav */ = {isa = PBXFileReference; lastKnownFileType = audio.wav; name = crunch.wav; path = "../../Beginning iOS 7 Source Code/07 - Pickers/Pickers/crunch.wav"; sourceTree = "<group>"; };
		DBAFC97B1D0801D400793B5F /* win.wav */ = {isa = PBXFileReference; lastKnownFileType = audio.wav; name = win.wav; path = "../../Beginning iOS 7 Source Code/07 - Pickers/Pickers/win.wav"; sourceTree = "<group>"; };
/* End PBXFileReference section */

/* Begin PBXFrameworksBuildPhase section */
		DB7674041D06B2D600DE8849 /* Frameworks */ = {
			isa = PBXFrameworksBuildPhase;
			buildActionMask = 2147483647;
			files = (
			);
			runOnlyForDeploymentPostprocessing = 0;
		};
		DB76741D1D06B2D600DE8849 /* Frameworks */ = {
			isa = PBXFrameworksBuildPhase;
			buildActionMask = 2147483647;
			files = (
			);
			runOnlyForDeploymentPostprocessing = 0;
		};
/* End PBXFrameworksBuildPhase section */

/* Begin PBXGroup section */
		DB7673FE1D06B2D600DE8849 = {
			isa = PBXGroup;
			children = (
				DB7674091D06B2D600DE8849 /* DatePicker */,
				DB7674231D06B2D600DE8849 /* DatePickerTests */,
				DB7674081D06B2D600DE8849 /* Products */,
			);
			sourceTree = "<group>";
		};
		DB7674081D06B2D600DE8849 /* Products */ = {
			isa = PBXGroup;
			children = (
				DB7674071D06B2D600DE8849 /* DatePicker.app */,
				DB7674201D06B2D600DE8849 /* DatePickerTests.xctest */,
			);
			name = Products;
			sourceTree = "<group>";
		};
		DB7674091D06B2D600DE8849 /* DatePicker */ = {
			isa = PBXGroup;
			children = (
				DBAFC97A1D0801D400793B5F /* crunch.wav */,
				DBAFC97B1D0801D400793B5F /* win.wav */,
				DB7674301D06B32D00DE8849 /* DatePickerViewController.h */,
				DB7674311D06B32D00DE8849 /* DatePickerViewController.m */,
				DB7674331D06B39700DE8849 /* SingleComponentPickerViewController.h */,
				DB7674341D06B39700DE8849 /* SingleComponentPickerViewController.m */,
				DB7674361D06B3B600DE8849 /* DoubleComponentPickerViewController.h */,
				DB7674371D06B3B600DE8849 /* DoubleComponentPickerViewController.m */,
				DB7674391D06B3CC00DE8849 /* DependentComponentPickerViewController.h */,
				DB76743A1D06B3CC00DE8849 /* DependentComponentPickerViewController.m */,
				DB76743C1D06B3DD00DE8849 /* CustomPickerViewController.h */,
				DB76743D1D06B3DD00DE8849 /* CustomPickerViewController.m */,
				DB76740E1D06B2D600DE8849 /* AppDelegate.h */,
				DB76740F1D06B2D600DE8849 /* AppDelegate.m */,
				DB7674141D06B2D600DE8849 /* Main.storyboard */,
				DB7674171D06B2D600DE8849 /* Images.xcassets */,
				DB7674191D06B2D600DE8849 /* LaunchScreen.xib */,
				DB76740A1D06B2D600DE8849 /* Supporting Files */,
			);
			path = DatePicker;
			sourceTree = "<group>";
		};
		DB76740A1D06B2D600DE8849 /* Supporting Files */ = {
			isa = PBXGroup;
			children = (
				DB76743F1D072FBF00DE8849 /* statedictionary.plist */,
				DB76740B1D06B2D600DE8849 /* Info.plist */,
				DB76740C1D06B2D600DE8849 /* main.m */,
			);
			name = "Supporting Files";
			sourceTree = "<group>";
		};
		DB7674231D06B2D600DE8849 /* DatePickerTests */ = {
			isa = PBXGroup;
			children = (
				DB7674261D06B2D600DE8849 /* DatePickerTests.m */,
				DB7674241D06B2D600DE8849 /* Supporting Files */,
			);
			path = DatePickerTests;
			sourceTree = "<group>";
		};
		DB7674241D06B2D600DE8849 /* Supporting Files */ = {
			isa = PBXGroup;
			children = (
				DB7674251D06B2D600DE8849 /* Info.plist */,
			);
			name = "Supporting Files";
			sourceTree = "<group>";
		};
/* End PBXGroup section */

/* Begin PBXNativeTarget section */
		DB7674061D06B2D600DE8849 /* DatePicker */ = {
			isa = PBXNativeTarget;
			buildConfigurationList = DB76742A1D06B2D600DE8849 /* Build configuration list for PBXNativeTarget "DatePicker" */;
			buildPhases = (
				DB7674031D06B2D600DE8849 /* Sources */,
				DB7674041D06B2D600DE8849 /* Frameworks */,
				DB7674051D06B2D600DE8849 /* Resources */,
			);
			buildRules = (
			);
			dependencies = (
			);
			name = DatePicker;
			productName = DatePicker;
			productReference = DB7674071D06B2D600DE8849 /* DatePicker.app */;
			productType = "com.apple.product-type.application";
		};
		DB76741F1D06B2D600DE8849 /* DatePickerTests */ = {
			isa = PBXNativeTarget;
			buildConfigurationList = DB76742D1D06B2D600DE8849 /* Build configuration list for PBXNativeTarget "DatePickerTests" */;
			buildPhases = (
				DB76741C1D06B2D600DE8849 /* Sources */,
				DB76741D1D06B2D600DE8849 /* Frameworks */,
				DB76741E1D06B2D600DE8849 /* Resources */,
			);
			buildRules = (
			);
			dependencies = (
				DB7674221D06B2D600DE8849 /* PBXTargetDependency */,
			);
			name = DatePickerTests;
			productName = DatePickerTests;
			productReference = DB7674201D06B2D600DE8849 /* DatePickerTests.xctest */;
			productType = "com.apple.product-type.bundle.unit-test";
		};
/* End PBXNativeTarget section */

/* Begin PBXProject section */
		DB7673FF1D06B2D600DE8849 /* Project object */ = {
			isa = PBXProject;
			attributes = {
				LastUpgradeCheck = 0640;
				ORGANIZATIONNAME = ZheyuanFu;
				TargetAttributes = {
					DB7674061D06B2D600DE8849 = {
						CreatedOnToolsVersion = 6.4;
					};
					DB76741F1D06B2D600DE8849 = {
						CreatedOnToolsVersion = 6.4;
						TestTargetID = DB7674061D06B2D600DE8849;
					};
				};
			};
			buildConfigurationList = DB7674021D06B2D600DE8849 /* Build configuration list for PBXProject "DatePicker" */;
			compatibilityVersion = "Xcode 3.2";
			developmentRegion = English;
			hasScannedForEncodings = 0;
			knownRegions = (
				en,
				Base,
			);
			mainGroup = DB7673FE1D06B2D600DE8849;
			productRefGroup = DB7674081D06B2D600DE8849 /* Products */;
			projectDirPath = "";
			projectRoot = "";
			targets = (
				DB7674061D06B2D600DE8849 /* DatePicker */,
				DB76741F1D06B2D600DE8849 /* DatePickerTests */,
			);
		};
/* End PBXProject section */

/* Begin PBXResourcesBuildPhase section */
		DB7674051D06B2D600DE8849 /* Resources */ = {
			isa = PBXResourcesBuildPhase;
			buildActionMask = 2147483647;
			files = (
				DBAFC97C1D0801D400793B5F /* crunch.wav in Resources */,
				DB7674161D06B2D600DE8849 /* Main.storyboard in Resources */,
				DB76741B1D06B2D600DE8849 /* LaunchScreen.xib in Resources */,
				DBAFC97D1D0801D400793B5F /* win.wav in Resources */,
				DB7674401D072FBF00DE8849 /* statedictionary.plist in Resources */,
				DB7674181D06B2D600DE8849 /* Images.xcassets in Resources */,
			);
			runOnlyForDeploymentPostprocessing = 0;
		};
		DB76741E1D06B2D600DE8849 /* Resources */ = {
			isa = PBXResourcesBuildPhase;
			buildActionMask = 2147483647;
			files = (
			);
			runOnlyForDeploymentPostprocessing = 0;
		};
/* End PBXResourcesBuildPhase section */

/* Begin PBXSourcesBuildPhase section */
		DB7674031D06B2D600DE8849 /* Sources */ = {
			isa = PBXSourcesBuildPhase;
			buildActionMask = 2147483647;
			files = (
				DB7674101D06B2D600DE8849 /* AppDelegate.m in Sources */,
				DB7674321D06B32D00DE8849 /* DatePickerViewController.m in Sources */,
				DB7674351D06B39700DE8849 /* SingleComponentPickerViewController.m in Sources */,
				DB7674381D06B3B600DE8849 /* DoubleComponentPickerViewController.m in Sources */,
				DB76743B1D06B3CC00DE8849 /* DependentComponentPickerViewController.m in Sources */,
				DB76740D1D06B2D600DE8849 /* main.m in Sources */,
				DB76743E1D06B3DD00DE8849 /* CustomPickerViewController.m in Sources */,
			);
			runOnlyForDeploymentPostprocessing = 0;
		};
		DB76741C1D06B2D600DE8849 /* Sources */ = {
			isa = PBXSourcesBuildPhase;
			buildActionMask = 2147483647;
			files = (
				DB7674271D06B2D600DE8849 /* DatePickerTests.m in Sources */,
			);
			runOnlyForDeploymentPostprocessing = 0;
		};
/* End PBXSourcesBuildPhase section */

/* Begin PBXTargetDependency section */
		DB7674221D06B2D600DE8849 /* PBXTargetDependency */ = {
			isa = PBXTargetDependency;
			target = DB7674061D06B2D600DE8849 /* DatePicker */;
			targetProxy = DB7674211D06B2D600DE8849 /* PBXContainerItemProxy */;
		};
/* End PBXTargetDependency section */

/* Begin PBXVariantGroup section */
		DB7674141D06B2D600DE8849 /* Main.storyboard */ = {
			isa = PBXVariantGroup;
			children = (
				DB7674151D06B2D600DE8849 /* Base */,
			);
			name = Main.storyboard;
			sourceTree = "<group>";
		};
		DB7674191D06B2D600DE8849 /* LaunchScreen.xib */ = {
			isa = PBXVariantGroup;
			children = (
				DB76741A1D06B2D600DE8849 /* Base */,
			);
			name = LaunchScreen.xib;
			sourceTree = "<group>";
		};
/* End PBXVariantGroup section */

/* Begin XCBuildConfiguration section */
		DB7674281D06B2D600DE8849 /* Debug */ = {
			isa = XCBuildConfiguration;
			buildSettings = {
				ALWAYS_SEARCH_USER_PATHS = NO;
				CLANG_CXX_LANGUAGE_STANDARD = "gnu++0x";
				CLANG_CXX_LIBRARY = "libc++";
				CLANG_ENABLE_MODULES = YES;
				CLANG_ENABLE_OBJC_ARC = YES;
				CLANG_WARN_BOOL_CONVERSION = YES;
				CLANG_WARN_CONSTANT_CONVERSION = YES;
				CLANG_WARN_DIRECT_OBJC_ISA_USAGE = YES_ERROR;
				CLANG_WARN_EMPTY_BODY = YES;
				CLANG_WARN_ENUM_CONVERSION = YES;
				CLANG_WARN_INT_CONVERSION = YES;
				CLANG_WARN_OBJC_ROOT_CLASS = YES_ERROR;
				CLANG_WARN_UNREACHABLE_CODE = YES;
				CLANG_WARN__DUPLICATE_METHOD_MATCH = YES;
				"CODE_SIGN_IDENTITY[sdk=iphoneos*]" = "iPhone Developer";
				COPY_PHASE_STRIP = NO;
				DEBUG_INFORMATION_FORMAT = "dwarf-with-dsym";
				ENABLE_STRICT_OBJC_MSGSEND = YES;
				GCC_C_LANGUAGE_STANDARD = gnu99;
				GCC_DYNAMIC_NO_PIC = NO;
				GCC_NO_COMMON_BLOCKS = YES;
				GCC_OPTIMIZATION_LEVEL = 0;
				GCC_PREPROCESSOR_DEFINITIONS = (
					"DEBUG=1",
					"$(inherited)",
				);
				GCC_SYMBOLS_PRIVATE_EXTERN = NO;
				GCC_WARN_64_TO_32_BIT_CONVERSION = YES;
				GCC_WARN_ABOUT_RETURN_TYPE = YES_ERROR;
				GCC_WARN_UNDECLARED_SELECTOR = YES;
				GCC_WARN_UNINITIALIZED_AUTOS = YES_AGGRESSIVE;
				GCC_WARN_UNUSED_FUNCTION = YES;
				GCC_WARN_UNUSED_VARIABLE = YES;
				IPHONEOS_DEPLOYMENT_TARGET = 8.4;
				MTL_ENABLE_DEBUG_INFO = YES;
				ONLY_ACTIVE_ARCH = YES;
				SDKROOT = iphoneos;
			};
			name = Debug;
		};
		DB7674291D06B2D600DE8849 /* Release */ = {
			isa = XCBuildConfiguration;
			buildSettings = {
				ALWAYS_SEARCH_USER_PATHS = NO;
				CLANG_CXX_LANGUAGE_STANDARD = "gnu++0x";
				CLANG_CXX_LIBRARY = "libc++";
				CLANG_ENABLE_MODULES = YES;
				CLANG_ENABLE_OBJC_ARC = YES;
				CLANG_WARN_BOOL_CONVERSION = YES;
				CLANG_WARN_CONSTANT_CONVERSION = YES;
				CLANG_WARN_DIRECT_OBJC_ISA_USAGE = YES_ERROR;
				CLANG_WARN_EMPTY_BODY = YES;
				CLANG_WARN_ENUM_CONVERSION = YES;
				CLANG_WARN_INT_CONVERSION = YES;
				CLANG_WARN_OBJC_ROOT_CLASS = YES_ERROR;
				CLANG_WARN_UNREACHABLE_CODE = YES;
				CLANG_WARN__DUPLICATE_METHOD_MATCH = YES;
				"CODE_SIGN_IDENTITY[sdk=iphoneos*]" = "iPhone Developer";
				COPY_PHASE_STRIP = NO;
				DEBUG_INFORMATION_FORMAT = "dwarf-with-dsym";
				ENABLE_NS_ASSERTIONS = NO;
				ENABLE_STRICT_OBJC_MSGSEND = YES;
				GCC_C_LANGUAGE_STANDARD = gnu99;
				GCC_NO_COMMON_BLOCKS = YES;
				GCC_WARN_64_TO_32_BIT_CONVERSION = YES;
				GCC_WARN_ABOUT_RETURN_TYPE = YES_ERROR;
				GCC_WARN_UNDECLARED_SELECTOR = YES;
				GCC_WARN_UNINITIALIZED_AUTOS = YES_AGGRESSIVE;
				GCC_WARN_UNUSED_FUNCTION = YES;
				GCC_WARN_UNUSED_VARIABLE = YES;
				IPHONEOS_DEPLOYMENT_TARGET = 8.4;
				MTL_ENABLE_DEBUG_INFO = NO;
				SDKROOT = iphoneos;
				VALIDATE_PRODUCT = YES;
			};
			name = Release;
		};
		DB76742B1D06B2D600DE8849 /* Debug */ = {
			isa = XCBuildConfiguration;
			buildSettings = {
				ASSETCATALOG_COMPILER_APPICON_NAME = AppIcon;
				INFOPLIST_FILE = DatePicker/Info.plist;
				LD_RUNPATH_SEARCH_PATHS = "$(inherited) @executable_path/Frameworks";
				PRODUCT_NAME = "$(TARGET_NAME)";
			};
			name = Debug;
		};
		DB76742C1D06B2D600DE8849 /* Release */ = {
			isa = XCBuildConfiguration;
			buildSettings = {
				ASSETCATALOG_COMPILER_APPICON_NAME = AppIcon;
				INFOPLIST_FILE = DatePicker/Info.plist;
				LD_RUNPATH_SEARCH_PATHS = "$(inherited) @executable_path/Frameworks";
				PRODUCT_NAME = "$(TARGET_NAME)";
			};
			name = Release;
		};
		DB76742E1D06B2D600DE8849 /* Debug */ = {
			isa = XCBuildConfiguration;
			buildSettings = {
				BUNDLE_LOADER = "$(TEST_HOST)";
				FRAMEWORK_SEARCH_PATHS = (
					"$(SDKROOT)/Developer/Library/Frameworks",
					"$(inherited)",
				);
				GCC_PREPROCESSOR_DEFINITIONS = (
					"DEBUG=1",
					"$(inherited)",
				);
				INFOPLIST_FILE = DatePickerTests/Info.plist;
				LD_RUNPATH_SEARCH_PATHS = "$(inherited) @executable_path/Frameworks @loader_path/Frameworks";
				PRODUCT_NAME = "$(TARGET_NAME)";
				TEST_HOST = "$(BUILT_PRODUCTS_DIR)/DatePicker.app/DatePicker";
			};
			name = Debug;
		};
		DB76742F1D06B2D600DE8849 /* Release */ = {
			isa = XCBuildConfiguration;
			buildSettings = {
				BUNDLE_LOADER = "$(TEST_HOST)";
				FRAMEWORK_SEARCH_PATHS = (
					"$(SDKROOT)/Developer/Library/Frameworks",
					"$(inherited)",
				);
				INFOPLIST_FILE = DatePickerTests/Info.plist;
				LD_RUNPATH_SEARCH_PATHS = "$(inherited) @executable_path/Frameworks @loader_path/Frameworks";
				PRODUCT_NAME = "$(TARGET_NAME)";
				TEST_HOST = "$(BUILT_PRODUCTS_DIR)/DatePicker.app/DatePicker";
			};
			name = Release;
		};
/* End XCBuildConfiguration section */

/* Begin XCConfigurationList section */
		DB7674021D06B2D600DE8849 /* Build configuration list for PBXProject "DatePicker" */ = {
			isa = XCConfigurationList;
			buildConfigurations = (
				DB7674281D06B2D600DE8849 /* Debug */,
				DB7674291D06B2D600DE8849 /* Release */,
			);
			defaultConfigurationIsVisible = 0;
			defaultConfigurationName = Release;
		};
		DB76742A1D06B2D600DE8849 /* Build configuration list for PBXNativeTarget "DatePicker" */ = {
			isa = XCConfigurationList;
			buildConfigurations = (
				DB76742B1D06B2D600DE8849 /* Debug */,
				DB76742C1D06B2D600DE8849 /* Release */,
			);
			defaultConfigurationIsVisible = 0;
			defaultConfigurationName = Release;
		};
		DB76742D1D06B2D600DE8849 /* Build configuration list for PBXNativeTarget "DatePickerTests" */ = {
			isa = XCConfigurationList;
			buildConfigurations = (
				DB76742E1D06B2D600DE8849 /* Debug */,
				DB76742F1D06B2D600DE8849 /* Release */,
			);
			defaultConfigurationIsVisible = 0;
			defaultConfigurationName = Release;
		};
/* End XCConfigurationList section */
	};
	rootObject = DB7673FF1D06B2D600DE8849 /* Project object */;
}
