// !$*UTF8*$!
{
	archiveVersion = 1;
	classes = {
	};
	objectVersion = 46;
	objects = {

/* Begin PBXBuildFile section */
		DBAFC98D1D0808C300793B5F /* main.m in Sources */ = {isa = PBXBuildFile; fileRef = DBAFC98C1D0808C300793B5F /* main.m */; };
		DBAFC9901D0808C300793B5F /* AppDelegate.m in Sources */ = {isa = PBXBuildFile; fileRef = DBAFC98F1D0808C300793B5F /* AppDelegate.m */; };
		DBAFC9931D0808C300793B5F /* ViewController.m in Sources */ = {isa = PBXBuildFile; fileRef = DBAFC9921D0808C300793B5F /* ViewController.m */; };
		DBAFC9961D0808C300793B5F /* Main.storyboard in Resources */ = {isa = PBXBuildFile; fileRef = DBAFC9941D0808C300793B5F /* Main.storyboard */; };
		DBAFC9981D0808C300793B5F /* Images.xcassets in Resources */ = {isa = PBXBuildFile; fileRef = DBAFC9971D0808C300793B5F /* Images.xcassets */; };
		DBAFC99B1D0808C300793B5F /* LaunchScreen.xib in Resources */ = {isa = PBXBuildFile; fileRef = DBAFC9991D0808C300793B5F /* LaunchScreen.xib */; };
		DBAFC9A71D0808C300793B5F /* TableViewTestTests.m in Sources */ = {isa = PBXBuildFile; fileRef = DBAFC9A61D0808C300793B5F /* TableViewTestTests.m */; };
/* End PBXBuildFile section */

/* Begin PBXContainerItemProxy section */
		DBAFC9A11D0808C300793B5F /* PBXContainerItemProxy */ = {
			isa = PBXContainerItemProxy;
			containerPortal = DBAFC97F1D0808C300793B5F /* Project object */;
			proxyType = 1;
			remoteGlobalIDString = DBAFC9861D0808C300793B5F;
			remoteInfo = TableViewTest;
		};
/* End PBXContainerItemProxy section */

/* Begin PBXFileReference section */
		DBAFC9871D0808C300793B5F /* TableViewTest.app */ = {isa = PBXFileReference; explicitFileType = wrapper.application; includeInIndex = 0; path = TableViewTest.app; sourceTree = BUILT_PRODUCTS_DIR; };
		DBAFC98B1D0808C300793B5F /* Info.plist */ = {isa = PBXFileReference; lastKnownFileType = text.plist.xml; path = Info.plist; sourceTree = "<group>"; };
		DBAFC98C1D0808C300793B5F /* main.m */ = {isa = PBXFileReference; lastKnownFileType = sourcecode.c.objc; path = main.m; sourceTree = "<group>"; };
		DBAFC98E1D0808C300793B5F /* AppDelegate.h */ = {isa = PBXFileReference; lastKnownFileType = sourcecode.c.h; path = AppDelegate.h; sourceTree = "<group>"; };
		DBAFC98F1D0808C300793B5F /* AppDelegate.m */ = {isa = PBXFileReference; lastKnownFileType = sourcecode.c.objc; path = AppDelegate.m; sourceTree = "<group>"; };
		DBAFC9911D0808C300793B5F /* ViewController.h */ = {isa = PBXFileReference; lastKnownFileType = sourcecode.c.h; path = ViewController.h; sourceTree = "<group>"; };
		DBAFC9921D0808C300793B5F /* ViewController.m */ = {isa = PBXFileReference; lastKnownFileType = sourcecode.c.objc; path = ViewController.m; sourceTree = "<group>"; };
		DBAFC9951D0808C300793B5F /* Base */ = {isa = PBXFileReference; lastKnownFileType = file.storyboard; name = Base; path = Base.lproj/Main.storyboard; sourceTree = "<group>"; };
		DBAFC9971D0808C300793B5F /* Images.xcassets */ = {isa = PBXFileReference; lastKnownFileType = folder.assetcatalog; path = Images.xcassets; sourceTree = "<group>"; };
		DBAFC99A1D0808C300793B5F /* Base */ = {isa = PBXFileReference; lastKnownFileType = file.xib; name = Base; path = Base.lproj/LaunchScreen.xib; sourceTree = "<group>"; };
		DBAFC9A01D0808C300793B5F /* TableViewTestTests.xctest */ = {isa = PBXFileReference; explicitFileType = wrapper.cfbundle; includeInIndex = 0; path = TableViewTestTests.xctest; sourceTree = BUILT_PRODUCTS_DIR; };
		DBAFC9A51D0808C300793B5F /* Info.plist */ = {isa = PBXFileReference; lastKnownFileType = text.plist.xml; path = Info.plist; sourceTree = "<group>"; };
		DBAFC9A61D0808C300793B5F /* TableViewTestTests.m */ = {isa = PBXFileReference; lastKnownFileType = sourcecode.c.objc; path = TableViewTestTests.m; sourceTree = "<group>"; };
/* End PBXFileReference section */

/* Begin PBXFrameworksBuildPhase section */
		DBAFC9841D0808C300793B5F /* Frameworks */ = {
			isa = PBXFrameworksBuildPhase;
			buildActionMask = 2147483647;
			files = (
			);
			runOnlyForDeploymentPostprocessing = 0;
		};
		DBAFC99D1D0808C300793B5F /* Frameworks */ = {
			isa = PBXFrameworksBuildPhase;
			buildActionMask = 2147483647;
			files = (
			);
			runOnlyForDeploymentPostprocessing = 0;
		};
/* End PBXFrameworksBuildPhase section */

/* Begin PBXGroup section */
		DBAFC97E1D0808C300793B5F = {
			isa = PBXGroup;
			children = (
				DBAFC9891D0808C300793B5F /* TableViewTest */,
				DBAFC9A31D0808C300793B5F /* TableViewTestTests */,
				DBAFC9881D0808C300793B5F /* Products */,
			);
			sourceTree = "<group>";
		};
		DBAFC9881D0808C300793B5F /* Products */ = {
			isa = PBXGroup;
			children = (
				DBAFC9871D0808C300793B5F /* TableViewTest.app */,
				DBAFC9A01D0808C300793B5F /* TableViewTestTests.xctest */,
			);
			name = Products;
			sourceTree = "<group>";
		};
		DBAFC9891D0808C300793B5F /* TableViewTest */ = {
			isa = PBXGroup;
			children = (
				DBAFC98E1D0808C300793B5F /* AppDelegate.h */,
				DBAFC98F1D0808C300793B5F /* AppDelegate.m */,
				DBAFC9911D0808C300793B5F /* ViewController.h */,
				DBAFC9921D0808C300793B5F /* ViewController.m */,
				DBAFC9941D0808C300793B5F /* Main.storyboard */,
				DBAFC9971D0808C300793B5F /* Images.xcassets */,
				DBAFC9991D0808C300793B5F /* LaunchScreen.xib */,
				DBAFC98A1D0808C300793B5F /* Supporting Files */,
			);
			path = TableViewTest;
			sourceTree = "<group>";
		};
		DBAFC98A1D0808C300793B5F /* Supporting Files */ = {
			isa = PBXGroup;
			children = (
				DBAFC98B1D0808C300793B5F /* Info.plist */,
				DBAFC98C1D0808C300793B5F /* main.m */,
			);
			name = "Supporting Files";
			sourceTree = "<group>";
		};
		DBAFC9A31D0808C300793B5F /* TableViewTestTests */ = {
			isa = PBXGroup;
			children = (
				DBAFC9A61D0808C300793B5F /* TableViewTestTests.m */,
				DBAFC9A41D0808C300793B5F /* Supporting Files */,
			);
			path = TableViewTestTests;
			sourceTree = "<group>";
		};
		DBAFC9A41D0808C300793B5F /* Supporting Files */ = {
			isa = PBXGroup;
			children = (
				DBAFC9A51D0808C300793B5F /* Info.plist */,
			);
			name = "Supporting Files";
			sourceTree = "<group>";
		};
/* End PBXGroup section */

/* Begin PBXNativeTarget section */
		DBAFC9861D0808C300793B5F /* TableViewTest */ = {
			isa = PBXNativeTarget;
			buildConfigurationList = DBAFC9AA1D0808C300793B5F /* Build configuration list for PBXNativeTarget "TableViewTest" */;
			buildPhases = (
				DBAFC9831D0808C300793B5F /* Sources */,
				DBAFC9841D0808C300793B5F /* Frameworks */,
				DBAFC9851D0808C300793B5F /* Resources */,
			);
			buildRules = (
			);
			dependencies = (
			);
			name = TableViewTest;
			productName = TableViewTest;
			productReference = DBAFC9871D0808C300793B5F /* TableViewTest.app */;
			productType = "com.apple.product-type.application";
		};
		DBAFC99F1D0808C300793B5F /* TableViewTestTests */ = {
			isa = PBXNativeTarget;
			buildConfigurationList = DBAFC9AD1D0808C300793B5F /* Build configuration list for PBXNativeTarget "TableViewTestTests" */;
			buildPhases = (
				DBAFC99C1D0808C300793B5F /* Sources */,
				DBAFC99D1D0808C300793B5F /* Frameworks */,
				DBAFC99E1D0808C300793B5F /* Resources */,
			);
			buildRules = (
			);
			dependencies = (
				DBAFC9A21D0808C300793B5F /* PBXTargetDependency */,
			);
			name = TableViewTestTests;
			productName = TableViewTestTests;
			productReference = DBAFC9A01D0808C300793B5F /* TableViewTestTests.xctest */;
			productType = "com.apple.product-type.bundle.unit-test";
		};
/* End PBXNativeTarget section */

/* Begin PBXProject section */
		DBAFC97F1D0808C300793B5F /* Project object */ = {
			isa = PBXProject;
			attributes = {
				LastUpgradeCheck = 0640;
				ORGANIZATIONNAME = ZheyuanFu;
				TargetAttributes = {
					DBAFC9861D0808C300793B5F = {
						CreatedOnToolsVersion = 6.4;
					};
					DBAFC99F1D0808C300793B5F = {
						CreatedOnToolsVersion = 6.4;
						TestTargetID = DBAFC9861D0808C300793B5F;
					};
				};
			};
			buildConfigurationList = DBAFC9821D0808C300793B5F /* Build configuration list for PBXProject "TableViewTest" */;
			compatibilityVersion = "Xcode 3.2";
			developmentRegion = English;
			hasScannedForEncodings = 0;
			knownRegions = (
				en,
				Base,
			);
			mainGroup = DBAFC97E1D0808C300793B5F;
			productRefGroup = DBAFC9881D0808C300793B5F /* Products */;
			projectDirPath = "";
			projectRoot = "";
			targets = (
				DBAFC9861D0808C300793B5F /* TableViewTest */,
				DBAFC99F1D0808C300793B5F /* TableViewTestTests */,
			);
		};
/* End PBXProject section */

/* Begin PBXResourcesBuildPhase section */
		DBAFC9851D0808C300793B5F /* Resources */ = {
			isa = PBXResourcesBuildPhase;
			buildActionMask = 2147483647;
			files = (
				DBAFC9961D0808C300793B5F /* Main.storyboard in Resources */,
				DBAFC99B1D0808C300793B5F /* LaunchScreen.xib in Resources */,
				DBAFC9981D0808C300793B5F /* Images.xcassets in Resources */,
			);
			runOnlyForDeploymentPostprocessing = 0;
		};
		DBAFC99E1D0808C300793B5F /* Resources */ = {
			isa = PBXResourcesBuildPhase;
			buildActionMask = 2147483647;
			files = (
			);
			runOnlyForDeploymentPostprocessing = 0;
		};
/* End PBXResourcesBuildPhase section */

/* Begin PBXSourcesBuildPhase section */
		DBAFC9831D0808C300793B5F /* Sources */ = {
			isa = PBXSourcesBuildPhase;
			buildActionMask = 2147483647;
			files = (
				DBAFC9931D0808C300793B5F /* ViewController.m in Sources */,
				DBAFC9901D0808C300793B5F /* AppDelegate.m in Sources */,
				DBAFC98D1D0808C300793B5F /* main.m in Sources */,
			);
			runOnlyForDeploymentPostprocessing = 0;
		};
		DBAFC99C1D0808C300793B5F /* Sources */ = {
			isa = PBXSourcesBuildPhase;
			buildActionMask = 2147483647;
			files = (
				DBAFC9A71D0808C300793B5F /* TableViewTestTests.m in Sources */,
			);
			runOnlyForDeploymentPostprocessing = 0;
		};
/* End PBXSourcesBuildPhase section */

/* Begin PBXTargetDependency section */
		DBAFC9A21D0808C300793B5F /* PBXTargetDependency */ = {
			isa = PBXTargetDependency;
			target = DBAFC9861D0808C300793B5F /* TableViewTest */;
			targetProxy = DBAFC9A11D0808C300793B5F /* PBXContainerItemProxy */;
		};
/* End PBXTargetDependency section */

/* Begin PBXVariantGroup section */
		DBAFC9941D0808C300793B5F /* Main.storyboard */ = {
			isa = PBXVariantGroup;
			children = (
				DBAFC9951D0808C300793B5F /* Base */,
			);
			name = Main.storyboard;
			sourceTree = "<group>";
		};
		DBAFC9991D0808C300793B5F /* LaunchScreen.xib */ = {
			isa = PBXVariantGroup;
			children = (
				DBAFC99A1D0808C300793B5F /* Base */,
			);
			name = LaunchScreen.xib;
			sourceTree = "<group>";
		};
/* End PBXVariantGroup section */

/* Begin XCBuildConfiguration section */
		DBAFC9A81D0808C300793B5F /* Debug */ = {
			isa = XCBuildConfiguration;
			buildSettings = {
				ALWAYS_SEARCH_USER_PATHS = NO;
				CLANG_CXX_LANGUAGE_STANDARD = "gnu++0x";
				CLANG_CXX_LIBRARY = "libc++";
				CLANG_ENABLE_MODULES = YES;
				CLANG_ENABLE_OBJC_ARC = YES;
				CLANG_WARN_BOOL_CONVERSION = YES;
				CLANG_WARN_CONSTANT_CONVERSION = YES;
				CLANG_WARN_DIRECT_OBJC_ISA_USAGE = YES_ERROR;
				CLANG_WARN_EMPTY_BODY = YES;
				CLANG_WARN_ENUM_CONVERSION = YES;
				CLANG_WARN_INT_CONVERSION = YES;
				CLANG_WARN_OBJC_ROOT_CLASS = YES_ERROR;
				CLANG_WARN_UNREACHABLE_CODE = YES;
				CLANG_WARN__DUPLICATE_METHOD_MATCH = YES;
				"CODE_SIGN_IDENTITY[sdk=iphoneos*]" = "iPhone Developer";
				COPY_PHASE_STRIP = NO;
				DEBUG_INFORMATION_FORMAT = "dwarf-with-dsym";
				ENABLE_STRICT_OBJC_MSGSEND = YES;
				GCC_C_LANGUAGE_STANDARD = gnu99;
				GCC_DYNAMIC_NO_PIC = NO;
				GCC_NO_COMMON_BLOCKS = YES;
				GCC_OPTIMIZATION_LEVEL = 0;
				GCC_PREPROCESSOR_DEFINITIONS = (
					"DEBUG=1",
					"$(inherited)",
				);
				GCC_SYMBOLS_PRIVATE_EXTERN = NO;
				GCC_WARN_64_TO_32_BIT_CONVERSION = YES;
				GCC_WARN_ABOUT_RETURN_TYPE = YES_ERROR;
				GCC_WARN_UNDECLARED_SELECTOR = YES;
				GCC_WARN_UNINITIALIZED_AUTOS = YES_AGGRESSIVE;
				GCC_WARN_UNUSED_FUNCTION = YES;
				GCC_WARN_UNUSED_VARIABLE = YES;
				IPHONEOS_DEPLOYMENT_TARGET = 8.4;
				MTL_ENABLE_DEBUG_INFO = YES;
				ONLY_ACTIVE_ARCH = YES;
				SDKROOT = iphoneos;
			};
			name = Debug;
		};
		DBAFC9A91D0808C300793B5F /* Release */ = {
			isa = XCBuildConfiguration;
			buildSettings = {
				ALWAYS_SEARCH_USER_PATHS = NO;
				CLANG_CXX_LANGUAGE_STANDARD = "gnu++0x";
				CLANG_CXX_LIBRARY = "libc++";
				CLANG_ENABLE_MODULES = YES;
				CLANG_ENABLE_OBJC_ARC = YES;
				CLANG_WARN_BOOL_CONVERSION = YES;
				CLANG_WARN_CONSTANT_CONVERSION = YES;
				CLANG_WARN_DIRECT_OBJC_ISA_USAGE = YES_ERROR;
				CLANG_WARN_EMPTY_BODY = YES;
				CLANG_WARN_ENUM_CONVERSION = YES;
				CLANG_WARN_INT_CONVERSION = YES;
				CLANG_WARN_OBJC_ROOT_CLASS = YES_ERROR;
				CLANG_WARN_UNREACHABLE_CODE = YES;
				CLANG_WARN__DUPLICATE_METHOD_MATCH = YES;
				"CODE_SIGN_IDENTITY[sdk=iphoneos*]" = "iPhone Developer";
				COPY_PHASE_STRIP = NO;
				DEBUG_INFORMATION_FORMAT = "dwarf-with-dsym";
				ENABLE_NS_ASSERTIONS = NO;
				ENABLE_STRICT_OBJC_MSGSEND = YES;
				GCC_C_LANGUAGE_STANDARD = gnu99;
				GCC_NO_COMMON_BLOCKS = YES;
				GCC_WARN_64_TO_32_BIT_CONVERSION = YES;
				GCC_WARN_ABOUT_RETURN_TYPE = YES_ERROR;
				GCC_WARN_UNDECLARED_SELECTOR = YES;
				GCC_WARN_UNINITIALIZED_AUTOS = YES_AGGRESSIVE;
				GCC_WARN_UNUSED_FUNCTION = YES;
				GCC_WARN_UNUSED_VARIABLE = YES;
				IPHONEOS_DEPLOYMENT_TARGET = 8.4;
				MTL_ENABLE_DEBUG_INFO = NO;
				SDKROOT = iphoneos;
				VALIDATE_PRODUCT = YES;
			};
			name = Release;
		};
		DBAFC9AB1D0808C300793B5F /* Debug */ = {
			isa = XCBuildConfiguration;
			buildSettings = {
				ASSETCATALOG_COMPILER_APPICON_NAME = AppIcon;
				INFOPLIST_FILE = TableViewTest/Info.plist;
				LD_RUNPATH_SEARCH_PATHS = "$(inherited) @executable_path/Frameworks";
				PRODUCT_NAME = "$(TARGET_NAME)";
			};
			name = Debug;
		};
		DBAFC9AC1D0808C300793B5F /* Release */ = {
			isa = XCBuildConfiguration;
			buildSettings = {
				ASSETCATALOG_COMPILER_APPICON_NAME = AppIcon;
				INFOPLIST_FILE = TableViewTest/Info.plist;
				LD_RUNPATH_SEARCH_PATHS = "$(inherited) @executable_path/Frameworks";
				PRODUCT_NAME = "$(TARGET_NAME)";
			};
			name = Release;
		};
		DBAFC9AE1D0808C300793B5F /* Debug */ = {
			isa = XCBuildConfiguration;
			buildSettings = {
				BUNDLE_LOADER = "$(TEST_HOST)";
				FRAMEWORK_SEARCH_PATHS = (
					"$(SDKROOT)/Developer/Library/Frameworks",
					"$(inherited)",
				);
				GCC_PREPROCESSOR_DEFINITIONS = (
					"DEBUG=1",
					"$(inherited)",
				);
				INFOPLIST_FILE = TableViewTestTests/Info.plist;
				LD_RUNPATH_SEARCH_PATHS = "$(inherited) @executable_path/Frameworks @loader_path/Frameworks";
				PRODUCT_NAME = "$(TARGET_NAME)";
				TEST_HOST = "$(BUILT_PRODUCTS_DIR)/TableViewTest.app/TableViewTest";
			};
			name = Debug;
		};
		DBAFC9AF1D0808C300793B5F /* Release */ = {
			isa = XCBuildConfiguration;
			buildSettings = {
				BUNDLE_LOADER = "$(TEST_HOST)";
				FRAMEWORK_SEARCH_PATHS = (
					"$(SDKROOT)/Developer/Library/Frameworks",
					"$(inherited)",
				);
				INFOPLIST_FILE = TableViewTestTests/Info.plist;
				LD_RUNPATH_SEARCH_PATHS = "$(inherited) @executable_path/Frameworks @loader_path/Frameworks";
				PRODUCT_NAME = "$(TARGET_NAME)";
				TEST_HOST = "$(BUILT_PRODUCTS_DIR)/TableViewTest.app/TableViewTest";
			};
			name = Release;
		};
/* End XCBuildConfiguration section */

/* Begin XCConfigurationList section */
		DBAFC9821D0808C300793B5F /* Build configuration list for PBXProject "TableViewTest" */ = {
			isa = XCConfigurationList;
			buildConfigurations = (
				DBAFC9A81D0808C300793B5F /* Debug */,
				DBAFC9A91D0808C300793B5F /* Release */,
			);
			defaultConfigurationIsVisible = 0;
			defaultConfigurationName = Release;
		};
		DBAFC9AA1D0808C300793B5F /* Build configuration list for PBXNativeTarget "TableViewTest" */ = {
			isa = XCConfigurationList;
			buildConfigurations = (
				DBAFC9AB1D0808C300793B5F /* Debug */,
				DBAFC9AC1D0808C300793B5F /* Release */,
			);
			defaultConfigurationIsVisible = 0;
		};
		DBAFC9AD1D0808C300793B5F /* Build configuration list for PBXNativeTarget "TableViewTestTests" */ = {
			isa = XCConfigurationList;
			buildConfigurations = (
				DBAFC9AE1D0808C300793B5F /* Debug */,
				DBAFC9AF1D0808C300793B5F /* Release */,
			);
			defaultConfigurationIsVisible = 0;
		};
/* End XCConfigurationList section */
	};
	rootObject = DBAFC97F1D0808C300793B5F /* Project object */;
}
