// !$*UTF8*$!
{
	archiveVersion = 1;
	classes = {
	};
	objectVersion = 46;
	objects = {

/* Begin PBXBuildFile section */
		DBFB01BB1D244C9B00A4B105 /* main.m in Sources */ = {isa = PBXBuildFile; fileRef = DBFB01BA1D244C9B00A4B105 /* main.m */; };
		DBFB01BE1D244C9B00A4B105 /* AppDelegate.m in Sources */ = {isa = PBXBuildFile; fileRef = DBFB01BD1D244C9B00A4B105 /* AppDelegate.m */; };
		DBFB01C11D244C9B00A4B105 /* ViewController.m in Sources */ = {isa = PBXBuildFile; fileRef = DBFB01C01D244C9B00A4B105 /* ViewController.m */; };
		DBFB01C41D244C9B00A4B105 /* Main.storyboard in Resources */ = {isa = PBXBuildFile; fileRef = DBFB01C21D244C9B00A4B105 /* Main.storyboard */; };
		DBFB01C61D244C9B00A4B105 /* Images.xcassets in Resources */ = {isa = PBXBuildFile; fileRef = DBFB01C51D244C9B00A4B105 /* Images.xcassets */; };
		DBFB01C91D244C9B00A4B105 /* LaunchScreen.xib in Resources */ = {isa = PBXBuildFile; fileRef = DBFB01C71D244C9B00A4B105 /* LaunchScreen.xib */; };
		DBFB01D51D244C9B00A4B105 /* StoreToFileTests.m in Sources */ = {isa = PBXBuildFile; fileRef = DBFB01D41D244C9B00A4B105 /* StoreToFileTests.m */; };
/* End PBXBuildFile section */

/* Begin PBXContainerItemProxy section */
		DBFB01CF1D244C9B00A4B105 /* PBXContainerItemProxy */ = {
			isa = PBXContainerItemProxy;
			containerPortal = DBFB01AD1D244C9B00A4B105 /* Project object */;
			proxyType = 1;
			remoteGlobalIDString = DBFB01B41D244C9B00A4B105;
			remoteInfo = StoreToFile;
		};
/* End PBXContainerItemProxy section */

/* Begin PBXFileReference section */
		DBFB01B51D244C9B00A4B105 /* StoreToFile.app */ = {isa = PBXFileReference; explicitFileType = wrapper.application; includeInIndex = 0; path = StoreToFile.app; sourceTree = BUILT_PRODUCTS_DIR; };
		DBFB01B91D244C9B00A4B105 /* Info.plist */ = {isa = PBXFileReference; lastKnownFileType = text.plist.xml; path = Info.plist; sourceTree = "<group>"; };
		DBFB01BA1D244C9B00A4B105 /* main.m */ = {isa = PBXFileReference; lastKnownFileType = sourcecode.c.objc; path = main.m; sourceTree = "<group>"; };
		DBFB01BC1D244C9B00A4B105 /* AppDelegate.h */ = {isa = PBXFileReference; lastKnownFileType = sourcecode.c.h; path = AppDelegate.h; sourceTree = "<group>"; };
		DBFB01BD1D244C9B00A4B105 /* AppDelegate.m */ = {isa = PBXFileReference; lastKnownFileType = sourcecode.c.objc; path = AppDelegate.m; sourceTree = "<group>"; };
		DBFB01BF1D244C9B00A4B105 /* ViewController.h */ = {isa = PBXFileReference; lastKnownFileType = sourcecode.c.h; path = ViewController.h; sourceTree = "<group>"; };
		DBFB01C01D244C9B00A4B105 /* ViewController.m */ = {isa = PBXFileReference; lastKnownFileType = sourcecode.c.objc; path = ViewController.m; sourceTree = "<group>"; };
		DBFB01C31D244C9B00A4B105 /* Base */ = {isa = PBXFileReference; lastKnownFileType = file.storyboard; name = Base; path = Base.lproj/Main.storyboard; sourceTree = "<group>"; };
		DBFB01C51D244C9B00A4B105 /* Images.xcassets */ = {isa = PBXFileReference; lastKnownFileType = folder.assetcatalog; path = Images.xcassets; sourceTree = "<group>"; };
		DBFB01C81D244C9B00A4B105 /* Base */ = {isa = PBXFileReference; lastKnownFileType = file.xib; name = Base; path = Base.lproj/LaunchScreen.xib; sourceTree = "<group>"; };
		DBFB01CE1D244C9B00A4B105 /* StoreToFileTests.xctest */ = {isa = PBXFileReference; explicitFileType = wrapper.cfbundle; includeInIndex = 0; path = StoreToFileTests.xctest; sourceTree = BUILT_PRODUCTS_DIR; };
		DBFB01D31D244C9B00A4B105 /* Info.plist */ = {isa = PBXFileReference; lastKnownFileType = text.plist.xml; path = Info.plist; sourceTree = "<group>"; };
		DBFB01D41D244C9B00A4B105 /* StoreToFileTests.m */ = {isa = PBXFileReference; lastKnownFileType = sourcecode.c.objc; path = StoreToFileTests.m; sourceTree = "<group>"; };
/* End PBXFileReference section */

/* Begin PBXFrameworksBuildPhase section */
		DBFB01B21D244C9B00A4B105 /* Frameworks */ = {
			isa = PBXFrameworksBuildPhase;
			buildActionMask = 2147483647;
			files = (
			);
			runOnlyForDeploymentPostprocessing = 0;
		};
		DBFB01CB1D244C9B00A4B105 /* Frameworks */ = {
			isa = PBXFrameworksBuildPhase;
			buildActionMask = 2147483647;
			files = (
			);
			runOnlyForDeploymentPostprocessing = 0;
		};
/* End PBXFrameworksBuildPhase section */

/* Begin PBXGroup section */
		DBFB01AC1D244C9B00A4B105 = {
			isa = PBXGroup;
			children = (
				DBFB01B71D244C9B00A4B105 /* StoreToFile */,
				DBFB01D11D244C9B00A4B105 /* StoreToFileTests */,
				DBFB01B61D244C9B00A4B105 /* Products */,
			);
			sourceTree = "<group>";
		};
		DBFB01B61D244C9B00A4B105 /* Products */ = {
			isa = PBXGroup;
			children = (
				DBFB01B51D244C9B00A4B105 /* StoreToFile.app */,
				DBFB01CE1D244C9B00A4B105 /* StoreToFileTests.xctest */,
			);
			name = Products;
			sourceTree = "<group>";
		};
		DBFB01B71D244C9B00A4B105 /* StoreToFile */ = {
			isa = PBXGroup;
			children = (
				DBFB01BC1D244C9B00A4B105 /* AppDelegate.h */,
				DBFB01BD1D244C9B00A4B105 /* AppDelegate.m */,
				DBFB01BF1D244C9B00A4B105 /* ViewController.h */,
				DBFB01C01D244C9B00A4B105 /* ViewController.m */,
				DBFB01C21D244C9B00A4B105 /* Main.storyboard */,
				DBFB01C51D244C9B00A4B105 /* Images.xcassets */,
				DBFB01C71D244C9B00A4B105 /* LaunchScreen.xib */,
				DBFB01B81D244C9B00A4B105 /* Supporting Files */,
			);
			path = StoreToFile;
			sourceTree = "<group>";
		};
		DBFB01B81D244C9B00A4B105 /* Supporting Files */ = {
			isa = PBXGroup;
			children = (
				DBFB01B91D244C9B00A4B105 /* Info.plist */,
				DBFB01BA1D244C9B00A4B105 /* main.m */,
			);
			name = "Supporting Files";
			sourceTree = "<group>";
		};
		DBFB01D11D244C9B00A4B105 /* StoreToFileTests */ = {
			isa = PBXGroup;
			children = (
				DBFB01D41D244C9B00A4B105 /* StoreToFileTests.m */,
				DBFB01D21D244C9B00A4B105 /* Supporting Files */,
			);
			path = StoreToFileTests;
			sourceTree = "<group>";
		};
		DBFB01D21D244C9B00A4B105 /* Supporting Files */ = {
			isa = PBXGroup;
			children = (
				DBFB01D31D244C9B00A4B105 /* Info.plist */,
			);
			name = "Supporting Files";
			sourceTree = "<group>";
		};
/* End PBXGroup section */

/* Begin PBXNativeTarget section */
		DBFB01B41D244C9B00A4B105 /* StoreToFile */ = {
			isa = PBXNativeTarget;
			buildConfigurationList = DBFB01D81D244C9B00A4B105 /* Build configuration list for PBXNativeTarget "StoreToFile" */;
			buildPhases = (
				DBFB01B11D244C9B00A4B105 /* Sources */,
				DBFB01B21D244C9B00A4B105 /* Frameworks */,
				DBFB01B31D244C9B00A4B105 /* Resources */,
			);
			buildRules = (
			);
			dependencies = (
			);
			name = StoreToFile;
			productName = StoreToFile;
			productReference = DBFB01B51D244C9B00A4B105 /* StoreToFile.app */;
			productType = "com.apple.product-type.application";
		};
		DBFB01CD1D244C9B00A4B105 /* StoreToFileTests */ = {
			isa = PBXNativeTarget;
			buildConfigurationList = DBFB01DB1D244C9B00A4B105 /* Build configuration list for PBXNativeTarget "StoreToFileTests" */;
			buildPhases = (
				DBFB01CA1D244C9B00A4B105 /* Sources */,
				DBFB01CB1D244C9B00A4B105 /* Frameworks */,
				DBFB01CC1D244C9B00A4B105 /* Resources */,
			);
			buildRules = (
			);
			dependencies = (
				DBFB01D01D244C9B00A4B105 /* PBXTargetDependency */,
			);
			name = StoreToFileTests;
			productName = StoreToFileTests;
			productReference = DBFB01CE1D244C9B00A4B105 /* StoreToFileTests.xctest */;
			productType = "com.apple.product-type.bundle.unit-test";
		};
/* End PBXNativeTarget section */

/* Begin PBXProject section */
		DBFB01AD1D244C9B00A4B105 /* Project object */ = {
			isa = PBXProject;
			attributes = {
				LastUpgradeCheck = 0640;
				ORGANIZATIONNAME = ZheyuanFu;
				TargetAttributes = {
					DBFB01B41D244C9B00A4B105 = {
						CreatedOnToolsVersion = 6.4;
					};
					DBFB01CD1D244C9B00A4B105 = {
						CreatedOnToolsVersion = 6.4;
						TestTargetID = DBFB01B41D244C9B00A4B105;
					};
				};
			};
			buildConfigurationList = DBFB01B01D244C9B00A4B105 /* Build configuration list for PBXProject "StoreToFile" */;
			compatibilityVersion = "Xcode 3.2";
			developmentRegion = English;
			hasScannedForEncodings = 0;
			knownRegions = (
				en,
				Base,
			);
			mainGroup = DBFB01AC1D244C9B00A4B105;
			productRefGroup = DBFB01B61D244C9B00A4B105 /* Products */;
			projectDirPath = "";
			projectRoot = "";
			targets = (
				DBFB01B41D244C9B00A4B105 /* StoreToFile */,
				DBFB01CD1D244C9B00A4B105 /* StoreToFileTests */,
			);
		};
/* End PBXProject section */

/* Begin PBXResourcesBuildPhase section */
		DBFB01B31D244C9B00A4B105 /* Resources */ = {
			isa = PBXResourcesBuildPhase;
			buildActionMask = 2147483647;
			files = (
				DBFB01C41D244C9B00A4B105 /* Main.storyboard in Resources */,
				DBFB01C91D244C9B00A4B105 /* LaunchScreen.xib in Resources */,
				DBFB01C61D244C9B00A4B105 /* Images.xcassets in Resources */,
			);
			runOnlyForDeploymentPostprocessing = 0;
		};
		DBFB01CC1D244C9B00A4B105 /* Resources */ = {
			isa = PBXResourcesBuildPhase;
			buildActionMask = 2147483647;
			files = (
			);
			runOnlyForDeploymentPostprocessing = 0;
		};
/* End PBXResourcesBuildPhase section */

/* Begin PBXSourcesBuildPhase section */
		DBFB01B11D244C9B00A4B105 /* Sources */ = {
			isa = PBXSourcesBuildPhase;
			buildActionMask = 2147483647;
			files = (
				DBFB01C11D244C9B00A4B105 /* ViewController.m in Sources */,
				DBFB01BE1D244C9B00A4B105 /* AppDelegate.m in Sources */,
				DBFB01BB1D244C9B00A4B105 /* main.m in Sources */,
			);
			runOnlyForDeploymentPostprocessing = 0;
		};
		DBFB01CA1D244C9B00A4B105 /* Sources */ = {
			isa = PBXSourcesBuildPhase;
			buildActionMask = 2147483647;
			files = (
				DBFB01D51D244C9B00A4B105 /* StoreToFileTests.m in Sources */,
			);
			runOnlyForDeploymentPostprocessing = 0;
		};
/* End PBXSourcesBuildPhase section */

/* Begin PBXTargetDependency section */
		DBFB01D01D244C9B00A4B105 /* PBXTargetDependency */ = {
			isa = PBXTargetDependency;
			target = DBFB01B41D244C9B00A4B105 /* StoreToFile */;
			targetProxy = DBFB01CF1D244C9B00A4B105 /* PBXContainerItemProxy */;
		};
/* End PBXTargetDependency section */

/* Begin PBXVariantGroup section */
		DBFB01C21D244C9B00A4B105 /* Main.storyboard */ = {
			isa = PBXVariantGroup;
			children = (
				DBFB01C31D244C9B00A4B105 /* Base */,
			);
			name = Main.storyboard;
			sourceTree = "<group>";
		};
		DBFB01C71D244C9B00A4B105 /* LaunchScreen.xib */ = {
			isa = PBXVariantGroup;
			children = (
				DBFB01C81D244C9B00A4B105 /* Base */,
			);
			name = LaunchScreen.xib;
			sourceTree = "<group>";
		};
/* End PBXVariantGroup section */

/* Begin XCBuildConfiguration section */
		DBFB01D61D244C9B00A4B105 /* Debug */ = {
			isa = XCBuildConfiguration;
			buildSettings = {
				ALWAYS_SEARCH_USER_PATHS = NO;
				CLANG_CXX_LANGUAGE_STANDARD = "gnu++0x";
				CLANG_CXX_LIBRARY = "libc++";
				CLANG_ENABLE_MODULES = YES;
				CLANG_ENABLE_OBJC_ARC = YES;
				CLANG_WARN_BOOL_CONVERSION = YES;
				CLANG_WARN_CONSTANT_CONVERSION = YES;
				CLANG_WARN_DIRECT_OBJC_ISA_USAGE = YES_ERROR;
				CLANG_WARN_EMPTY_BODY = YES;
				CLANG_WARN_ENUM_CONVERSION = YES;
				CLANG_WARN_INT_CONVERSION = YES;
				CLANG_WARN_OBJC_ROOT_CLASS = YES_ERROR;
				CLANG_WARN_UNREACHABLE_CODE = YES;
				CLANG_WARN__DUPLICATE_METHOD_MATCH = YES;
				"CODE_SIGN_IDENTITY[sdk=iphoneos*]" = "iPhone Developer";
				COPY_PHASE_STRIP = NO;
				DEBUG_INFORMATION_FORMAT = "dwarf-with-dsym";
				ENABLE_STRICT_OBJC_MSGSEND = YES;
				GCC_C_LANGUAGE_STANDARD = gnu99;
				GCC_DYNAMIC_NO_PIC = NO;
				GCC_NO_COMMON_BLOCKS = YES;
				GCC_OPTIMIZATION_LEVEL = 0;
				GCC_PREPROCESSOR_DEFINITIONS = (
					"DEBUG=1",
					"$(inherited)",
				);
				GCC_SYMBOLS_PRIVATE_EXTERN = NO;
				GCC_WARN_64_TO_32_BIT_CONVERSION = YES;
				GCC_WARN_ABOUT_RETURN_TYPE = YES_ERROR;
				GCC_WARN_UNDECLARED_SELECTOR = YES;
				GCC_WARN_UNINITIALIZED_AUTOS = YES_AGGRESSIVE;
				GCC_WARN_UNUSED_FUNCTION = YES;
				GCC_WARN_UNUSED_VARIABLE = YES;
				IPHONEOS_DEPLOYMENT_TARGET = 8.4;
				MTL_ENABLE_DEBUG_INFO = YES;
				ONLY_ACTIVE_ARCH = YES;
				SDKROOT = iphoneos;
			};
			name = Debug;
		};
		DBFB01D71D244C9B00A4B105 /* Release */ = {
			isa = XCBuildConfiguration;
			buildSettings = {
				ALWAYS_SEARCH_USER_PATHS = NO;
				CLANG_CXX_LANGUAGE_STANDARD = "gnu++0x";
				CLANG_CXX_LIBRARY = "libc++";
				CLANG_ENABLE_MODULES = YES;
				CLANG_ENABLE_OBJC_ARC = YES;
				CLANG_WARN_BOOL_CONVERSION = YES;
				CLANG_WARN_CONSTANT_CONVERSION = YES;
				CLANG_WARN_DIRECT_OBJC_ISA_USAGE = YES_ERROR;
				CLANG_WARN_EMPTY_BODY = YES;
				CLANG_WARN_ENUM_CONVERSION = YES;
				CLANG_WARN_INT_CONVERSION = YES;
				CLANG_WARN_OBJC_ROOT_CLASS = YES_ERROR;
				CLANG_WARN_UNREACHABLE_CODE = YES;
				CLANG_WARN__DUPLICATE_METHOD_MATCH = YES;
				"CODE_SIGN_IDENTITY[sdk=iphoneos*]" = "iPhone Developer";
				COPY_PHASE_STRIP = NO;
				DEBUG_INFORMATION_FORMAT = "dwarf-with-dsym";
				ENABLE_NS_ASSERTIONS = NO;
				ENABLE_STRICT_OBJC_MSGSEND = YES;
				GCC_C_LANGUAGE_STANDARD = gnu99;
				GCC_NO_COMMON_BLOCKS = YES;
				GCC_WARN_64_TO_32_BIT_CONVERSION = YES;
				GCC_WARN_ABOUT_RETURN_TYPE = YES_ERROR;
				GCC_WARN_UNDECLARED_SELECTOR = YES;
				GCC_WARN_UNINITIALIZED_AUTOS = YES_AGGRESSIVE;
				GCC_WARN_UNUSED_FUNCTION = YES;
				GCC_WARN_UNUSED_VARIABLE = YES;
				IPHONEOS_DEPLOYMENT_TARGET = 8.4;
				MTL_ENABLE_DEBUG_INFO = NO;
				SDKROOT = iphoneos;
				VALIDATE_PRODUCT = YES;
			};
			name = Release;
		};
		DBFB01D91D244C9B00A4B105 /* Debug */ = {
			isa = XCBuildConfiguration;
			buildSettings = {
				ASSETCATALOG_COMPILER_APPICON_NAME = AppIcon;
				INFOPLIST_FILE = StoreToFile/Info.plist;
				LD_RUNPATH_SEARCH_PATHS = "$(inherited) @executable_path/Frameworks";
				PRODUCT_NAME = "$(TARGET_NAME)";
			};
			name = Debug;
		};
		DBFB01DA1D244C9B00A4B105 /* Release */ = {
			isa = XCBuildConfiguration;
			buildSettings = {
				ASSETCATALOG_COMPILER_APPICON_NAME = AppIcon;
				INFOPLIST_FILE = StoreToFile/Info.plist;
				LD_RUNPATH_SEARCH_PATHS = "$(inherited) @executable_path/Frameworks";
				PRODUCT_NAME = "$(TARGET_NAME)";
			};
			name = Release;
		};
		DBFB01DC1D244C9B00A4B105 /* Debug */ = {
			isa = XCBuildConfiguration;
			buildSettings = {
				BUNDLE_LOADER = "$(TEST_HOST)";
				FRAMEWORK_SEARCH_PATHS = (
					"$(SDKROOT)/Developer/Library/Frameworks",
					"$(inherited)",
				);
				GCC_PREPROCESSOR_DEFINITIONS = (
					"DEBUG=1",
					"$(inherited)",
				);
				INFOPLIST_FILE = StoreToFileTests/Info.plist;
				LD_RUNPATH_SEARCH_PATHS = "$(inherited) @executable_path/Frameworks @loader_path/Frameworks";
				PRODUCT_NAME = "$(TARGET_NAME)";
				TEST_HOST = "$(BUILT_PRODUCTS_DIR)/StoreToFile.app/StoreToFile";
			};
			name = Debug;
		};
		DBFB01DD1D244C9B00A4B105 /* Release */ = {
			isa = XCBuildConfiguration;
			buildSettings = {
				BUNDLE_LOADER = "$(TEST_HOST)";
				FRAMEWORK_SEARCH_PATHS = (
					"$(SDKROOT)/Developer/Library/Frameworks",
					"$(inherited)",
				);
				INFOPLIST_FILE = StoreToFileTests/Info.plist;
				LD_RUNPATH_SEARCH_PATHS = "$(inherited) @executable_path/Frameworks @loader_path/Frameworks";
				PRODUCT_NAME = "$(TARGET_NAME)";
				TEST_HOST = "$(BUILT_PRODUCTS_DIR)/StoreToFile.app/StoreToFile";
			};
			name = Release;
		};
/* End XCBuildConfiguration section */

/* Begin XCConfigurationList section */
		DBFB01B01D244C9B00A4B105 /* Build configuration list for PBXProject "StoreToFile" */ = {
			isa = XCConfigurationList;
			buildConfigurations = (
				DBFB01D61D244C9B00A4B105 /* Debug */,
				DBFB01D71D244C9B00A4B105 /* Release */,
			);
			defaultConfigurationIsVisible = 0;
			defaultConfigurationName = Release;
		};
		DBFB01D81D244C9B00A4B105 /* Build configuration list for PBXNativeTarget "StoreToFile" */ = {
			isa = XCConfigurationList;
			buildConfigurations = (
				DBFB01D91D244C9B00A4B105 /* Debug */,
				DBFB01DA1D244C9B00A4B105 /* Release */,
			);
			defaultConfigurationIsVisible = 0;
		};
		DBFB01DB1D244C9B00A4B105 /* Build configuration list for PBXNativeTarget "StoreToFileTests" */ = {
			isa = XCConfigurationList;
			buildConfigurations = (
				DBFB01DC1D244C9B00A4B105 /* Debug */,
				DBFB01DD1D244C9B00A4B105 /* Release */,
			);
			defaultConfigurationIsVisible = 0;
		};
/* End XCConfigurationList section */
	};
	rootObject = DBFB01AD1D244C9B00A4B105 /* Project object */;
}
