// !$*UTF8*$!
{
	archiveVersion = 1;
	classes = {
	};
	objectVersion = 46;
	objects = {

/* Begin PBXBuildFile section */
		DBFAC94A1CFD252B0099C958 /* main.m in Sources */ = {isa = PBXBuildFile; fileRef = DBFAC9491CFD252B0099C958 /* main.m */; };
		DBFAC94D1CFD252B0099C958 /* AppDelegate.m in Sources */ = {isa = PBXBuildFile; fileRef = DBFAC94C1CFD252B0099C958 /* AppDelegate.m */; };
		DBFAC9501CFD252B0099C958 /* ViewController.m in Sources */ = {isa = PBXBuildFile; fileRef = DBFAC94F1CFD252B0099C958 /* ViewController.m */; };
		DBFAC9531CFD252B0099C958 /* Main.storyboard in Resources */ = {isa = PBXBuildFile; fileRef = DBFAC9511CFD252B0099C958 /* Main.storyboard */; };
		DBFAC9551CFD252B0099C958 /* Images.xcassets in Resources */ = {isa = PBXBuildFile; fileRef = DBFAC9541CFD252B0099C958 /* Images.xcassets */; };
		DBFAC9581CFD252B0099C958 /* LaunchScreen.xib in Resources */ = {isa = PBXBuildFile; fileRef = DBFAC9561CFD252B0099C958 /* LaunchScreen.xib */; };
		DBFAC9641CFD252B0099C958 /* FlowerColorTableTests.m in Sources */ = {isa = PBXBuildFile; fileRef = DBFAC9631CFD252B0099C958 /* FlowerColorTableTests.m */; };
/* End PBXBuildFile section */

/* Begin PBXContainerItemProxy section */
		DBFAC95E1CFD252B0099C958 /* PBXContainerItemProxy */ = {
			isa = PBXContainerItemProxy;
			containerPortal = DBFAC93C1CFD252B0099C958 /* Project object */;
			proxyType = 1;
			remoteGlobalIDString = DBFAC9431CFD252B0099C958;
			remoteInfo = FlowerColorTable;
		};
/* End PBXContainerItemProxy section */

/* Begin PBXFileReference section */
		DBFAC9441CFD252B0099C958 /* FlowerColorTable.app */ = {isa = PBXFileReference; explicitFileType = wrapper.application; includeInIndex = 0; path = FlowerColorTable.app; sourceTree = BUILT_PRODUCTS_DIR; };
		DBFAC9481CFD252B0099C958 /* Info.plist */ = {isa = PBXFileReference; lastKnownFileType = text.plist.xml; path = Info.plist; sourceTree = "<group>"; };
		DBFAC9491CFD252B0099C958 /* main.m */ = {isa = PBXFileReference; lastKnownFileType = sourcecode.c.objc; path = main.m; sourceTree = "<group>"; };
		DBFAC94B1CFD252B0099C958 /* AppDelegate.h */ = {isa = PBXFileReference; lastKnownFileType = sourcecode.c.h; path = AppDelegate.h; sourceTree = "<group>"; };
		DBFAC94C1CFD252B0099C958 /* AppDelegate.m */ = {isa = PBXFileReference; lastKnownFileType = sourcecode.c.objc; path = AppDelegate.m; sourceTree = "<group>"; };
		DBFAC94E1CFD252B0099C958 /* ViewController.h */ = {isa = PBXFileReference; lastKnownFileType = sourcecode.c.h; path = ViewController.h; sourceTree = "<group>"; };
		DBFAC94F1CFD252B0099C958 /* ViewController.m */ = {isa = PBXFileReference; lastKnownFileType = sourcecode.c.objc; path = ViewController.m; sourceTree = "<group>"; };
		DBFAC9521CFD252B0099C958 /* Base */ = {isa = PBXFileReference; lastKnownFileType = file.storyboard; name = Base; path = Base.lproj/Main.storyboard; sourceTree = "<group>"; };
		DBFAC9541CFD252B0099C958 /* Images.xcassets */ = {isa = PBXFileReference; lastKnownFileType = folder.assetcatalog; path = Images.xcassets; sourceTree = "<group>"; };
		DBFAC9571CFD252B0099C958 /* Base */ = {isa = PBXFileReference; lastKnownFileType = file.xib; name = Base; path = Base.lproj/LaunchScreen.xib; sourceTree = "<group>"; };
		DBFAC95D1CFD252B0099C958 /* FlowerColorTableTests.xctest */ = {isa = PBXFileReference; explicitFileType = wrapper.cfbundle; includeInIndex = 0; path = FlowerColorTableTests.xctest; sourceTree = BUILT_PRODUCTS_DIR; };
		DBFAC9621CFD252B0099C958 /* Info.plist */ = {isa = PBXFileReference; lastKnownFileType = text.plist.xml; path = Info.plist; sourceTree = "<group>"; };
		DBFAC9631CFD252B0099C958 /* FlowerColorTableTests.m */ = {isa = PBXFileReference; lastKnownFileType = sourcecode.c.objc; path = FlowerColorTableTests.m; sourceTree = "<group>"; };
/* End PBXFileReference section */

/* Begin PBXFrameworksBuildPhase section */
		DBFAC9411CFD252B0099C958 /* Frameworks */ = {
			isa = PBXFrameworksBuildPhase;
			buildActionMask = 2147483647;
			files = (
			);
			runOnlyForDeploymentPostprocessing = 0;
		};
		DBFAC95A1CFD252B0099C958 /* Frameworks */ = {
			isa = PBXFrameworksBuildPhase;
			buildActionMask = 2147483647;
			files = (
			);
			runOnlyForDeploymentPostprocessing = 0;
		};
/* End PBXFrameworksBuildPhase section */

/* Begin PBXGroup section */
		DBFAC93B1CFD252B0099C958 = {
			isa = PBXGroup;
			children = (
				DBFAC9461CFD252B0099C958 /* FlowerColorTable */,
				DBFAC9601CFD252B0099C958 /* FlowerColorTableTests */,
				DBFAC9451CFD252B0099C958 /* Products */,
			);
			sourceTree = "<group>";
		};
		DBFAC9451CFD252B0099C958 /* Products */ = {
			isa = PBXGroup;
			children = (
				DBFAC9441CFD252B0099C958 /* FlowerColorTable.app */,
				DBFAC95D1CFD252B0099C958 /* FlowerColorTableTests.xctest */,
			);
			name = Products;
			sourceTree = "<group>";
		};
		DBFAC9461CFD252B0099C958 /* FlowerColorTable */ = {
			isa = PBXGroup;
			children = (
				DBFAC94B1CFD252B0099C958 /* AppDelegate.h */,
				DBFAC94C1CFD252B0099C958 /* AppDelegate.m */,
				DBFAC94E1CFD252B0099C958 /* ViewController.h */,
				DBFAC94F1CFD252B0099C958 /* ViewController.m */,
				DBFAC9511CFD252B0099C958 /* Main.storyboard */,
				DBFAC9541CFD252B0099C958 /* Images.xcassets */,
				DBFAC9561CFD252B0099C958 /* LaunchScreen.xib */,
				DBFAC9471CFD252B0099C958 /* Supporting Files */,
			);
			path = FlowerColorTable;
			sourceTree = "<group>";
		};
		DBFAC9471CFD252B0099C958 /* Supporting Files */ = {
			isa = PBXGroup;
			children = (
				DBFAC9481CFD252B0099C958 /* Info.plist */,
				DBFAC9491CFD252B0099C958 /* main.m */,
			);
			name = "Supporting Files";
			sourceTree = "<group>";
		};
		DBFAC9601CFD252B0099C958 /* FlowerColorTableTests */ = {
			isa = PBXGroup;
			children = (
				DBFAC9631CFD252B0099C958 /* FlowerColorTableTests.m */,
				DBFAC9611CFD252B0099C958 /* Supporting Files */,
			);
			path = FlowerColorTableTests;
			sourceTree = "<group>";
		};
		DBFAC9611CFD252B0099C958 /* Supporting Files */ = {
			isa = PBXGroup;
			children = (
				DBFAC9621CFD252B0099C958 /* Info.plist */,
			);
			name = "Supporting Files";
			sourceTree = "<group>";
		};
/* End PBXGroup section */

/* Begin PBXNativeTarget section */
		DBFAC9431CFD252B0099C958 /* FlowerColorTable */ = {
			isa = PBXNativeTarget;
			buildConfigurationList = DBFAC9671CFD252B0099C958 /* Build configuration list for PBXNativeTarget "FlowerColorTable" */;
			buildPhases = (
				DBFAC9401CFD252B0099C958 /* Sources */,
				DBFAC9411CFD252B0099C958 /* Frameworks */,
				DBFAC9421CFD252B0099C958 /* Resources */,
			);
			buildRules = (
			);
			dependencies = (
			);
			name = FlowerColorTable;
			productName = FlowerColorTable;
			productReference = DBFAC9441CFD252B0099C958 /* FlowerColorTable.app */;
			productType = "com.apple.product-type.application";
		};
		DBFAC95C1CFD252B0099C958 /* FlowerColorTableTests */ = {
			isa = PBXNativeTarget;
			buildConfigurationList = DBFAC96A1CFD252B0099C958 /* Build configuration list for PBXNativeTarget "FlowerColorTableTests" */;
			buildPhases = (
				DBFAC9591CFD252B0099C958 /* Sources */,
				DBFAC95A1CFD252B0099C958 /* Frameworks */,
				DBFAC95B1CFD252B0099C958 /* Resources */,
			);
			buildRules = (
			);
			dependencies = (
				DBFAC95F1CFD252B0099C958 /* PBXTargetDependency */,
			);
			name = FlowerColorTableTests;
			productName = FlowerColorTableTests;
			productReference = DBFAC95D1CFD252B0099C958 /* FlowerColorTableTests.xctest */;
			productType = "com.apple.product-type.bundle.unit-test";
		};
/* End PBXNativeTarget section */

/* Begin PBXProject section */
		DBFAC93C1CFD252B0099C958 /* Project object */ = {
			isa = PBXProject;
			attributes = {
				LastUpgradeCheck = 0640;
				ORGANIZATIONNAME = ZheyuanFu;
				TargetAttributes = {
					DBFAC9431CFD252B0099C958 = {
						CreatedOnToolsVersion = 6.4;
					};
					DBFAC95C1CFD252B0099C958 = {
						CreatedOnToolsVersion = 6.4;
						TestTargetID = DBFAC9431CFD252B0099C958;
					};
				};
			};
			buildConfigurationList = DBFAC93F1CFD252B0099C958 /* Build configuration list for PBXProject "FlowerColorTable" */;
			compatibilityVersion = "Xcode 3.2";
			developmentRegion = English;
			hasScannedForEncodings = 0;
			knownRegions = (
				en,
				Base,
			);
			mainGroup = DBFAC93B1CFD252B0099C958;
			productRefGroup = DBFAC9451CFD252B0099C958 /* Products */;
			projectDirPath = "";
			projectRoot = "";
			targets = (
				DBFAC9431CFD252B0099C958 /* FlowerColorTable */,
				DBFAC95C1CFD252B0099C958 /* FlowerColorTableTests */,
			);
		};
/* End PBXProject section */

/* Begin PBXResourcesBuildPhase section */
		DBFAC9421CFD252B0099C958 /* Resources */ = {
			isa = PBXResourcesBuildPhase;
			buildActionMask = 2147483647;
			files = (
				DBFAC9531CFD252B0099C958 /* Main.storyboard in Resources */,
				DBFAC9581CFD252B0099C958 /* LaunchScreen.xib in Resources */,
				DBFAC9551CFD252B0099C958 /* Images.xcassets in Resources */,
			);
			runOnlyForDeploymentPostprocessing = 0;
		};
		DBFAC95B1CFD252B0099C958 /* Resources */ = {
			isa = PBXResourcesBuildPhase;
			buildActionMask = 2147483647;
			files = (
			);
			runOnlyForDeploymentPostprocessing = 0;
		};
/* End PBXResourcesBuildPhase section */

/* Begin PBXSourcesBuildPhase section */
		DBFAC9401CFD252B0099C958 /* Sources */ = {
			isa = PBXSourcesBuildPhase;
			buildActionMask = 2147483647;
			files = (
				DBFAC9501CFD252B0099C958 /* ViewController.m in Sources */,
				DBFAC94D1CFD252B0099C958 /* AppDelegate.m in Sources */,
				DBFAC94A1CFD252B0099C958 /* main.m in Sources */,
			);
			runOnlyForDeploymentPostprocessing = 0;
		};
		DBFAC9591CFD252B0099C958 /* Sources */ = {
			isa = PBXSourcesBuildPhase;
			buildActionMask = 2147483647;
			files = (
				DBFAC9641CFD252B0099C958 /* FlowerColorTableTests.m in Sources */,
			);
			runOnlyForDeploymentPostprocessing = 0;
		};
/* End PBXSourcesBuildPhase section */

/* Begin PBXTargetDependency section */
		DBFAC95F1CFD252B0099C958 /* PBXTargetDependency */ = {
			isa = PBXTargetDependency;
			target = DBFAC9431CFD252B0099C958 /* FlowerColorTable */;
			targetProxy = DBFAC95E1CFD252B0099C958 /* PBXContainerItemProxy */;
		};
/* End PBXTargetDependency section */

/* Begin PBXVariantGroup section */
		DBFAC9511CFD252B0099C958 /* Main.storyboard */ = {
			isa = PBXVariantGroup;
			children = (
				DBFAC9521CFD252B0099C958 /* Base */,
			);
			name = Main.storyboard;
			sourceTree = "<group>";
		};
		DBFAC9561CFD252B0099C958 /* LaunchScreen.xib */ = {
			isa = PBXVariantGroup;
			children = (
				DBFAC9571CFD252B0099C958 /* Base */,
			);
			name = LaunchScreen.xib;
			sourceTree = "<group>";
		};
/* End PBXVariantGroup section */

/* Begin XCBuildConfiguration section */
		DBFAC9651CFD252B0099C958 /* Debug */ = {
			isa = XCBuildConfiguration;
			buildSettings = {
				ALWAYS_SEARCH_USER_PATHS = NO;
				CLANG_CXX_LANGUAGE_STANDARD = "gnu++0x";
				CLANG_CXX_LIBRARY = "libc++";
				CLANG_ENABLE_MODULES = YES;
				CLANG_ENABLE_OBJC_ARC = YES;
				CLANG_WARN_BOOL_CONVERSION = YES;
				CLANG_WARN_CONSTANT_CONVERSION = YES;
				CLANG_WARN_DIRECT_OBJC_ISA_USAGE = YES_ERROR;
				CLANG_WARN_EMPTY_BODY = YES;
				CLANG_WARN_ENUM_CONVERSION = YES;
				CLANG_WARN_INT_CONVERSION = YES;
				CLANG_WARN_OBJC_ROOT_CLASS = YES_ERROR;
				CLANG_WARN_UNREACHABLE_CODE = YES;
				CLANG_WARN__DUPLICATE_METHOD_MATCH = YES;
				"CODE_SIGN_IDENTITY[sdk=iphoneos*]" = "iPhone Developer";
				COPY_PHASE_STRIP = NO;
				DEBUG_INFORMATION_FORMAT = "dwarf-with-dsym";
				ENABLE_STRICT_OBJC_MSGSEND = YES;
				GCC_C_LANGUAGE_STANDARD = gnu99;
				GCC_DYNAMIC_NO_PIC = NO;
				GCC_NO_COMMON_BLOCKS = YES;
				GCC_OPTIMIZATION_LEVEL = 0;
				GCC_PREPROCESSOR_DEFINITIONS = (
					"DEBUG=1",
					"$(inherited)",
				);
				GCC_SYMBOLS_PRIVATE_EXTERN = NO;
				GCC_WARN_64_TO_32_BIT_CONVERSION = YES;
				GCC_WARN_ABOUT_RETURN_TYPE = YES_ERROR;
				GCC_WARN_UNDECLARED_SELECTOR = YES;
				GCC_WARN_UNINITIALIZED_AUTOS = YES_AGGRESSIVE;
				GCC_WARN_UNUSED_FUNCTION = YES;
				GCC_WARN_UNUSED_VARIABLE = YES;
				IPHONEOS_DEPLOYMENT_TARGET = 8.4;
				MTL_ENABLE_DEBUG_INFO = YES;
				ONLY_ACTIVE_ARCH = YES;
				SDKROOT = iphoneos;
			};
			name = Debug;
		};
		DBFAC9661CFD252B0099C958 /* Release */ = {
			isa = XCBuildConfiguration;
			buildSettings = {
				ALWAYS_SEARCH_USER_PATHS = NO;
				CLANG_CXX_LANGUAGE_STANDARD = "gnu++0x";
				CLANG_CXX_LIBRARY = "libc++";
				CLANG_ENABLE_MODULES = YES;
				CLANG_ENABLE_OBJC_ARC = YES;
				CLANG_WARN_BOOL_CONVERSION = YES;
				CLANG_WARN_CONSTANT_CONVERSION = YES;
				CLANG_WARN_DIRECT_OBJC_ISA_USAGE = YES_ERROR;
				CLANG_WARN_EMPTY_BODY = YES;
				CLANG_WARN_ENUM_CONVERSION = YES;
				CLANG_WARN_INT_CONVERSION = YES;
				CLANG_WARN_OBJC_ROOT_CLASS = YES_ERROR;
				CLANG_WARN_UNREACHABLE_CODE = YES;
				CLANG_WARN__DUPLICATE_METHOD_MATCH = YES;
				"CODE_SIGN_IDENTITY[sdk=iphoneos*]" = "iPhone Developer";
				COPY_PHASE_STRIP = NO;
				DEBUG_INFORMATION_FORMAT = "dwarf-with-dsym";
				ENABLE_NS_ASSERTIONS = NO;
				ENABLE_STRICT_OBJC_MSGSEND = YES;
				GCC_C_LANGUAGE_STANDARD = gnu99;
				GCC_NO_COMMON_BLOCKS = YES;
				GCC_WARN_64_TO_32_BIT_CONVERSION = YES;
				GCC_WARN_ABOUT_RETURN_TYPE = YES_ERROR;
				GCC_WARN_UNDECLARED_SELECTOR = YES;
				GCC_WARN_UNINITIALIZED_AUTOS = YES_AGGRESSIVE;
				GCC_WARN_UNUSED_FUNCTION = YES;
				GCC_WARN_UNUSED_VARIABLE = YES;
				IPHONEOS_DEPLOYMENT_TARGET = 8.4;
				MTL_ENABLE_DEBUG_INFO = NO;
				SDKROOT = iphoneos;
				VALIDATE_PRODUCT = YES;
			};
			name = Release;
		};
		DBFAC9681CFD252B0099C958 /* Debug */ = {
			isa = XCBuildConfiguration;
			buildSettings = {
				ASSETCATALOG_COMPILER_APPICON_NAME = AppIcon;
				INFOPLIST_FILE = FlowerColorTable/Info.plist;
				LD_RUNPATH_SEARCH_PATHS = "$(inherited) @executable_path/Frameworks";
				PRODUCT_NAME = "$(TARGET_NAME)";
			};
			name = Debug;
		};
		DBFAC9691CFD252B0099C958 /* Release */ = {
			isa = XCBuildConfiguration;
			buildSettings = {
				ASSETCATALOG_COMPILER_APPICON_NAME = AppIcon;
				INFOPLIST_FILE = FlowerColorTable/Info.plist;
				LD_RUNPATH_SEARCH_PATHS = "$(inherited) @executable_path/Frameworks";
				PRODUCT_NAME = "$(TARGET_NAME)";
			};
			name = Release;
		};
		DBFAC96B1CFD252B0099C958 /* Debug */ = {
			isa = XCBuildConfiguration;
			buildSettings = {
				BUNDLE_LOADER = "$(TEST_HOST)";
				FRAMEWORK_SEARCH_PATHS = (
					"$(SDKROOT)/Developer/Library/Frameworks",
					"$(inherited)",
				);
				GCC_PREPROCESSOR_DEFINITIONS = (
					"DEBUG=1",
					"$(inherited)",
				);
				INFOPLIST_FILE = FlowerColorTableTests/Info.plist;
				LD_RUNPATH_SEARCH_PATHS = "$(inherited) @executable_path/Frameworks @loader_path/Frameworks";
				PRODUCT_NAME = "$(TARGET_NAME)";
				TEST_HOST = "$(BUILT_PRODUCTS_DIR)/FlowerColorTable.app/FlowerColorTable";
			};
			name = Debug;
		};
		DBFAC96C1CFD252B0099C958 /* Release */ = {
			isa = XCBuildConfiguration;
			buildSettings = {
				BUNDLE_LOADER = "$(TEST_HOST)";
				FRAMEWORK_SEARCH_PATHS = (
					"$(SDKROOT)/Developer/Library/Frameworks",
					"$(inherited)",
				);
				INFOPLIST_FILE = FlowerColorTableTests/Info.plist;
				LD_RUNPATH_SEARCH_PATHS = "$(inherited) @executable_path/Frameworks @loader_path/Frameworks";
				PRODUCT_NAME = "$(TARGET_NAME)";
				TEST_HOST = "$(BUILT_PRODUCTS_DIR)/FlowerColorTable.app/FlowerColorTable";
			};
			name = Release;
		};
/* End XCBuildConfiguration section */

/* Begin XCConfigurationList section */
		DBFAC93F1CFD252B0099C958 /* Build configuration list for PBXProject "FlowerColorTable" */ = {
			isa = XCConfigurationList;
			buildConfigurations = (
				DBFAC9651CFD252B0099C958 /* Debug */,
				DBFAC9661CFD252B0099C958 /* Release */,
			);
			defaultConfigurationIsVisible = 0;
			defaultConfigurationName = Release;
		};
		DBFAC9671CFD252B0099C958 /* Build configuration list for PBXNativeTarget "FlowerColorTable" */ = {
			isa = XCConfigurationList;
			buildConfigurations = (
				DBFAC9681CFD252B0099C958 /* Debug */,
				DBFAC9691CFD252B0099C958 /* Release */,
			);
			defaultConfigurationIsVisible = 0;
		};
		DBFAC96A1CFD252B0099C958 /* Build configuration list for PBXNativeTarget "FlowerColorTableTests" */ = {
			isa = XCConfigurationList;
			buildConfigurations = (
				DBFAC96B1CFD252B0099C958 /* Debug */,
				DBFAC96C1CFD252B0099C958 /* Release */,
			);
			defaultConfigurationIsVisible = 0;
		};
/* End XCConfigurationList section */
	};
	rootObject = DBFAC93C1CFD252B0099C958 /* Project object */;
}
