// !$*UTF8*$!
{
	archiveVersion = 1;
	classes = {
	};
	objectVersion = 46;
	objects = {

/* Begin PBXBuildFile section */
		DB1A5BF41CFC885600CFE007 /* main.m in Sources */ = {isa = PBXBuildFile; fileRef = DB1A5BF31CFC885600CFE007 /* main.m */; };
		DB1A5BF71CFC885600CFE007 /* AppDelegate.m in Sources */ = {isa = PBXBuildFile; fileRef = DB1A5BF61CFC885600CFE007 /* AppDelegate.m */; };
		DB1A5BFD1CFC885600CFE007 /* Main.storyboard in Resources */ = {isa = PBXBuildFile; fileRef = DB1A5BFB1CFC885600CFE007 /* Main.storyboard */; };
		DB1A5BFF1CFC885600CFE007 /* Images.xcassets in Resources */ = {isa = PBXBuildFile; fileRef = DB1A5BFE1CFC885600CFE007 /* Images.xcassets */; };
		DB1A5C021CFC885600CFE007 /* LaunchScreen.xib in Resources */ = {isa = PBXBuildFile; fileRef = DB1A5C001CFC885600CFE007 /* LaunchScreen.xib */; };
		DB1A5C0E1CFC885600CFE007 /* LetsTabTests.m in Sources */ = {isa = PBXBuildFile; fileRef = DB1A5C0D1CFC885600CFE007 /* LetsTabTests.m */; };
		DB1A5C1C1CFC88FB00CFE007 /* CountingTabBarController.m in Sources */ = {isa = PBXBuildFile; fileRef = DB1A5C1B1CFC88FB00CFE007 /* CountingTabBarController.m */; };
		DB1A5C1F1CFC891800CFE007 /* GenericViewController.m in Sources */ = {isa = PBXBuildFile; fileRef = DB1A5C1E1CFC891800CFE007 /* GenericViewController.m */; };
/* End PBXBuildFile section */

/* Begin PBXContainerItemProxy section */
		DB1A5C081CFC885600CFE007 /* PBXContainerItemProxy */ = {
			isa = PBXContainerItemProxy;
			containerPortal = DB1A5BE61CFC885600CFE007 /* Project object */;
			proxyType = 1;
			remoteGlobalIDString = DB1A5BED1CFC885600CFE007;
			remoteInfo = LetsTab;
		};
/* End PBXContainerItemProxy section */

/* Begin PBXFileReference section */
		DB1A5BEE1CFC885600CFE007 /* LetsTab.app */ = {isa = PBXFileReference; explicitFileType = wrapper.application; includeInIndex = 0; path = LetsTab.app; sourceTree = BUILT_PRODUCTS_DIR; };
		DB1A5BF21CFC885600CFE007 /* Info.plist */ = {isa = PBXFileReference; lastKnownFileType = text.plist.xml; path = Info.plist; sourceTree = "<group>"; };
		DB1A5BF31CFC885600CFE007 /* main.m */ = {isa = PBXFileReference; lastKnownFileType = sourcecode.c.objc; path = main.m; sourceTree = "<group>"; };
		DB1A5BF51CFC885600CFE007 /* AppDelegate.h */ = {isa = PBXFileReference; lastKnownFileType = sourcecode.c.h; path = AppDelegate.h; sourceTree = "<group>"; };
		DB1A5BF61CFC885600CFE007 /* AppDelegate.m */ = {isa = PBXFileReference; lastKnownFileType = sourcecode.c.objc; path = AppDelegate.m; sourceTree = "<group>"; };
		DB1A5BFC1CFC885600CFE007 /* Base */ = {isa = PBXFileReference; lastKnownFileType = file.storyboard; name = Base; path = Base.lproj/Main.storyboard; sourceTree = "<group>"; };
		DB1A5BFE1CFC885600CFE007 /* Images.xcassets */ = {isa = PBXFileReference; lastKnownFileType = folder.assetcatalog; path = Images.xcassets; sourceTree = "<group>"; };
		DB1A5C011CFC885600CFE007 /* Base */ = {isa = PBXFileReference; lastKnownFileType = file.xib; name = Base; path = Base.lproj/LaunchScreen.xib; sourceTree = "<group>"; };
		DB1A5C071CFC885600CFE007 /* LetsTabTests.xctest */ = {isa = PBXFileReference; explicitFileType = wrapper.cfbundle; includeInIndex = 0; path = LetsTabTests.xctest; sourceTree = BUILT_PRODUCTS_DIR; };
		DB1A5C0C1CFC885600CFE007 /* Info.plist */ = {isa = PBXFileReference; lastKnownFileType = text.plist.xml; path = Info.plist; sourceTree = "<group>"; };
		DB1A5C0D1CFC885600CFE007 /* LetsTabTests.m */ = {isa = PBXFileReference; lastKnownFileType = sourcecode.c.objc; path = LetsTabTests.m; sourceTree = "<group>"; };
		DB1A5C1A1CFC88FB00CFE007 /* CountingTabBarController.h */ = {isa = PBXFileReference; fileEncoding = 4; lastKnownFileType = sourcecode.c.h; path = CountingTabBarController.h; sourceTree = "<group>"; };
		DB1A5C1B1CFC88FB00CFE007 /* CountingTabBarController.m */ = {isa = PBXFileReference; fileEncoding = 4; lastKnownFileType = sourcecode.c.objc; path = CountingTabBarController.m; sourceTree = "<group>"; };
		DB1A5C1D1CFC891800CFE007 /* GenericViewController.h */ = {isa = PBXFileReference; fileEncoding = 4; lastKnownFileType = sourcecode.c.h; path = GenericViewController.h; sourceTree = "<group>"; };
		DB1A5C1E1CFC891800CFE007 /* GenericViewController.m */ = {isa = PBXFileReference; fileEncoding = 4; lastKnownFileType = sourcecode.c.objc; path = GenericViewController.m; sourceTree = "<group>"; };
/* End PBXFileReference section */

/* Begin PBXFrameworksBuildPhase section */
		DB1A5BEB1CFC885600CFE007 /* Frameworks */ = {
			isa = PBXFrameworksBuildPhase;
			buildActionMask = 2147483647;
			files = (
			);
			runOnlyForDeploymentPostprocessing = 0;
		};
		DB1A5C041CFC885600CFE007 /* Frameworks */ = {
			isa = PBXFrameworksBuildPhase;
			buildActionMask = 2147483647;
			files = (
			);
			runOnlyForDeploymentPostprocessing = 0;
		};
/* End PBXFrameworksBuildPhase section */

/* Begin PBXGroup section */
		DB1A5BE51CFC885600CFE007 = {
			isa = PBXGroup;
			children = (
				DB1A5BF01CFC885600CFE007 /* LetsTab */,
				DB1A5C0A1CFC885600CFE007 /* LetsTabTests */,
				DB1A5BEF1CFC885600CFE007 /* Products */,
			);
			sourceTree = "<group>";
		};
		DB1A5BEF1CFC885600CFE007 /* Products */ = {
			isa = PBXGroup;
			children = (
				DB1A5BEE1CFC885600CFE007 /* LetsTab.app */,
				DB1A5C071CFC885600CFE007 /* LetsTabTests.xctest */,
			);
			name = Products;
			sourceTree = "<group>";
		};
		DB1A5BF01CFC885600CFE007 /* LetsTab */ = {
			isa = PBXGroup;
			children = (
				DB1A5C1A1CFC88FB00CFE007 /* CountingTabBarController.h */,
				DB1A5C1B1CFC88FB00CFE007 /* CountingTabBarController.m */,
				DB1A5C1D1CFC891800CFE007 /* GenericViewController.h */,
				DB1A5C1E1CFC891800CFE007 /* GenericViewController.m */,
				DB1A5BF51CFC885600CFE007 /* AppDelegate.h */,
				DB1A5BF61CFC885600CFE007 /* AppDelegate.m */,
				DB1A5BFB1CFC885600CFE007 /* Main.storyboard */,
				DB1A5BFE1CFC885600CFE007 /* Images.xcassets */,
				DB1A5C001CFC885600CFE007 /* LaunchScreen.xib */,
				DB1A5BF11CFC885600CFE007 /* Supporting Files */,
			);
			path = LetsTab;
			sourceTree = "<group>";
		};
		DB1A5BF11CFC885600CFE007 /* Supporting Files */ = {
			isa = PBXGroup;
			children = (
				DB1A5BF21CFC885600CFE007 /* Info.plist */,
				DB1A5BF31CFC885600CFE007 /* main.m */,
			);
			name = "Supporting Files";
			sourceTree = "<group>";
		};
		DB1A5C0A1CFC885600CFE007 /* LetsTabTests */ = {
			isa = PBXGroup;
			children = (
				DB1A5C0D1CFC885600CFE007 /* LetsTabTests.m */,
				DB1A5C0B1CFC885600CFE007 /* Supporting Files */,
			);
			path = LetsTabTests;
			sourceTree = "<group>";
		};
		DB1A5C0B1CFC885600CFE007 /* Supporting Files */ = {
			isa = PBXGroup;
			children = (
				DB1A5C0C1CFC885600CFE007 /* Info.plist */,
			);
			name = "Supporting Files";
			sourceTree = "<group>";
		};
/* End PBXGroup section */

/* Begin PBXNativeTarget section */
		DB1A5BED1CFC885600CFE007 /* LetsTab */ = {
			isa = PBXNativeTarget;
			buildConfigurationList = DB1A5C111CFC885600CFE007 /* Build configuration list for PBXNativeTarget "LetsTab" */;
			buildPhases = (
				DB1A5BEA1CFC885600CFE007 /* Sources */,
				DB1A5BEB1CFC885600CFE007 /* Frameworks */,
				DB1A5BEC1CFC885600CFE007 /* Resources */,
			);
			buildRules = (
			);
			dependencies = (
			);
			name = LetsTab;
			productName = LetsTab;
			productReference = DB1A5BEE1CFC885600CFE007 /* LetsTab.app */;
			productType = "com.apple.product-type.application";
		};
		DB1A5C061CFC885600CFE007 /* LetsTabTests */ = {
			isa = PBXNativeTarget;
			buildConfigurationList = DB1A5C141CFC885600CFE007 /* Build configuration list for PBXNativeTarget "LetsTabTests" */;
			buildPhases = (
				DB1A5C031CFC885600CFE007 /* Sources */,
				DB1A5C041CFC885600CFE007 /* Frameworks */,
				DB1A5C051CFC885600CFE007 /* Resources */,
			);
			buildRules = (
			);
			dependencies = (
				DB1A5C091CFC885600CFE007 /* PBXTargetDependency */,
			);
			name = LetsTabTests;
			productName = LetsTabTests;
			productReference = DB1A5C071CFC885600CFE007 /* LetsTabTests.xctest */;
			productType = "com.apple.product-type.bundle.unit-test";
		};
/* End PBXNativeTarget section */

/* Begin PBXProject section */
		DB1A5BE61CFC885600CFE007 /* Project object */ = {
			isa = PBXProject;
			attributes = {
				LastUpgradeCheck = 0640;
				ORGANIZATIONNAME = ZheyuanFu;
				TargetAttributes = {
					DB1A5BED1CFC885600CFE007 = {
						CreatedOnToolsVersion = 6.4;
					};
					DB1A5C061CFC885600CFE007 = {
						CreatedOnToolsVersion = 6.4;
						TestTargetID = DB1A5BED1CFC885600CFE007;
					};
				};
			};
			buildConfigurationList = DB1A5BE91CFC885600CFE007 /* Build configuration list for PBXProject "LetsTab" */;
			compatibilityVersion = "Xcode 3.2";
			developmentRegion = English;
			hasScannedForEncodings = 0;
			knownRegions = (
				en,
				Base,
			);
			mainGroup = DB1A5BE51CFC885600CFE007;
			productRefGroup = DB1A5BEF1CFC885600CFE007 /* Products */;
			projectDirPath = "";
			projectRoot = "";
			targets = (
				DB1A5BED1CFC885600CFE007 /* LetsTab */,
				DB1A5C061CFC885600CFE007 /* LetsTabTests */,
			);
		};
/* End PBXProject section */

/* Begin PBXResourcesBuildPhase section */
		DB1A5BEC1CFC885600CFE007 /* Resources */ = {
			isa = PBXResourcesBuildPhase;
			buildActionMask = 2147483647;
			files = (
				DB1A5BFD1CFC885600CFE007 /* Main.storyboard in Resources */,
				DB1A5C021CFC885600CFE007 /* LaunchScreen.xib in Resources */,
				DB1A5BFF1CFC885600CFE007 /* Images.xcassets in Resources */,
			);
			runOnlyForDeploymentPostprocessing = 0;
		};
		DB1A5C051CFC885600CFE007 /* Resources */ = {
			isa = PBXResourcesBuildPhase;
			buildActionMask = 2147483647;
			files = (
			);
			runOnlyForDeploymentPostprocessing = 0;
		};
/* End PBXResourcesBuildPhase section */

/* Begin PBXSourcesBuildPhase section */
		DB1A5BEA1CFC885600CFE007 /* Sources */ = {
			isa = PBXSourcesBuildPhase;
			buildActionMask = 2147483647;
			files = (
				DB1A5C1C1CFC88FB00CFE007 /* CountingTabBarController.m in Sources */,
				DB1A5BF71CFC885600CFE007 /* AppDelegate.m in Sources */,
				DB1A5C1F1CFC891800CFE007 /* GenericViewController.m in Sources */,
				DB1A5BF41CFC885600CFE007 /* main.m in Sources */,
			);
			runOnlyForDeploymentPostprocessing = 0;
		};
		DB1A5C031CFC885600CFE007 /* Sources */ = {
			isa = PBXSourcesBuildPhase;
			buildActionMask = 2147483647;
			files = (
				DB1A5C0E1CFC885600CFE007 /* LetsTabTests.m in Sources */,
			);
			runOnlyForDeploymentPostprocessing = 0;
		};
/* End PBXSourcesBuildPhase section */

/* Begin PBXTargetDependency section */
		DB1A5C091CFC885600CFE007 /* PBXTargetDependency */ = {
			isa = PBXTargetDependency;
			target = DB1A5BED1CFC885600CFE007 /* LetsTab */;
			targetProxy = DB1A5C081CFC885600CFE007 /* PBXContainerItemProxy */;
		};
/* End PBXTargetDependency section */

/* Begin PBXVariantGroup section */
		DB1A5BFB1CFC885600CFE007 /* Main.storyboard */ = {
			isa = PBXVariantGroup;
			children = (
				DB1A5BFC1CFC885600CFE007 /* Base */,
			);
			name = Main.storyboard;
			sourceTree = "<group>";
		};
		DB1A5C001CFC885600CFE007 /* LaunchScreen.xib */ = {
			isa = PBXVariantGroup;
			children = (
				DB1A5C011CFC885600CFE007 /* Base */,
			);
			name = LaunchScreen.xib;
			sourceTree = "<group>";
		};
/* End PBXVariantGroup section */

/* Begin XCBuildConfiguration section */
		DB1A5C0F1CFC885600CFE007 /* Debug */ = {
			isa = XCBuildConfiguration;
			buildSettings = {
				ALWAYS_SEARCH_USER_PATHS = NO;
				CLANG_CXX_LANGUAGE_STANDARD = "gnu++0x";
				CLANG_CXX_LIBRARY = "libc++";
				CLANG_ENABLE_MODULES = YES;
				CLANG_ENABLE_OBJC_ARC = YES;
				CLANG_WARN_BOOL_CONVERSION = YES;
				CLANG_WARN_CONSTANT_CONVERSION = YES;
				CLANG_WARN_DIRECT_OBJC_ISA_USAGE = YES_ERROR;
				CLANG_WARN_EMPTY_BODY = YES;
				CLANG_WARN_ENUM_CONVERSION = YES;
				CLANG_WARN_INT_CONVERSION = YES;
				CLANG_WARN_OBJC_ROOT_CLASS = YES_ERROR;
				CLANG_WARN_UNREACHABLE_CODE = YES;
				CLANG_WARN__DUPLICATE_METHOD_MATCH = YES;
				"CODE_SIGN_IDENTITY[sdk=iphoneos*]" = "iPhone Developer";
				COPY_PHASE_STRIP = NO;
				DEBUG_INFORMATION_FORMAT = "dwarf-with-dsym";
				ENABLE_STRICT_OBJC_MSGSEND = YES;
				GCC_C_LANGUAGE_STANDARD = gnu99;
				GCC_DYNAMIC_NO_PIC = NO;
				GCC_NO_COMMON_BLOCKS = YES;
				GCC_OPTIMIZATION_LEVEL = 0;
				GCC_PREPROCESSOR_DEFINITIONS = (
					"DEBUG=1",
					"$(inherited)",
				);
				GCC_SYMBOLS_PRIVATE_EXTERN = NO;
				GCC_WARN_64_TO_32_BIT_CONVERSION = YES;
				GCC_WARN_ABOUT_RETURN_TYPE = YES_ERROR;
				GCC_WARN_UNDECLARED_SELECTOR = YES;
				GCC_WARN_UNINITIALIZED_AUTOS = YES_AGGRESSIVE;
				GCC_WARN_UNUSED_FUNCTION = YES;
				GCC_WARN_UNUSED_VARIABLE = YES;
				IPHONEOS_DEPLOYMENT_TARGET = 8.4;
				MTL_ENABLE_DEBUG_INFO = YES;
				ONLY_ACTIVE_ARCH = YES;
				SDKROOT = iphoneos;
			};
			name = Debug;
		};
		DB1A5C101CFC885600CFE007 /* Release */ = {
			isa = XCBuildConfiguration;
			buildSettings = {
				ALWAYS_SEARCH_USER_PATHS = NO;
				CLANG_CXX_LANGUAGE_STANDARD = "gnu++0x";
				CLANG_CXX_LIBRARY = "libc++";
				CLANG_ENABLE_MODULES = YES;
				CLANG_ENABLE_OBJC_ARC = YES;
				CLANG_WARN_BOOL_CONVERSION = YES;
				CLANG_WARN_CONSTANT_CONVERSION = YES;
				CLANG_WARN_DIRECT_OBJC_ISA_USAGE = YES_ERROR;
				CLANG_WARN_EMPTY_BODY = YES;
				CLANG_WARN_ENUM_CONVERSION = YES;
				CLANG_WARN_INT_CONVERSION = YES;
				CLANG_WARN_OBJC_ROOT_CLASS = YES_ERROR;
				CLANG_WARN_UNREACHABLE_CODE = YES;
				CLANG_WARN__DUPLICATE_METHOD_MATCH = YES;
				"CODE_SIGN_IDENTITY[sdk=iphoneos*]" = "iPhone Developer";
				COPY_PHASE_STRIP = NO;
				DEBUG_INFORMATION_FORMAT = "dwarf-with-dsym";
				ENABLE_NS_ASSERTIONS = NO;
				ENABLE_STRICT_OBJC_MSGSEND = YES;
				GCC_C_LANGUAGE_STANDARD = gnu99;
				GCC_NO_COMMON_BLOCKS = YES;
				GCC_WARN_64_TO_32_BIT_CONVERSION = YES;
				GCC_WARN_ABOUT_RETURN_TYPE = YES_ERROR;
				GCC_WARN_UNDECLARED_SELECTOR = YES;
				GCC_WARN_UNINITIALIZED_AUTOS = YES_AGGRESSIVE;
				GCC_WARN_UNUSED_FUNCTION = YES;
				GCC_WARN_UNUSED_VARIABLE = YES;
				IPHONEOS_DEPLOYMENT_TARGET = 8.4;
				MTL_ENABLE_DEBUG_INFO = NO;
				SDKROOT = iphoneos;
				VALIDATE_PRODUCT = YES;
			};
			name = Release;
		};
		DB1A5C121CFC885600CFE007 /* Debug */ = {
			isa = XCBuildConfiguration;
			buildSettings = {
				ASSETCATALOG_COMPILER_APPICON_NAME = AppIcon;
				INFOPLIST_FILE = LetsTab/Info.plist;
				LD_RUNPATH_SEARCH_PATHS = "$(inherited) @executable_path/Frameworks";
				PRODUCT_NAME = "$(TARGET_NAME)";
			};
			name = Debug;
		};
		DB1A5C131CFC885600CFE007 /* Release */ = {
			isa = XCBuildConfiguration;
			buildSettings = {
				ASSETCATALOG_COMPILER_APPICON_NAME = AppIcon;
				INFOPLIST_FILE = LetsTab/Info.plist;
				LD_RUNPATH_SEARCH_PATHS = "$(inherited) @executable_path/Frameworks";
				PRODUCT_NAME = "$(TARGET_NAME)";
			};
			name = Release;
		};
		DB1A5C151CFC885600CFE007 /* Debug */ = {
			isa = XCBuildConfiguration;
			buildSettings = {
				BUNDLE_LOADER = "$(TEST_HOST)";
				FRAMEWORK_SEARCH_PATHS = (
					"$(SDKROOT)/Developer/Library/Frameworks",
					"$(inherited)",
				);
				GCC_PREPROCESSOR_DEFINITIONS = (
					"DEBUG=1",
					"$(inherited)",
				);
				INFOPLIST_FILE = LetsTabTests/Info.plist;
				LD_RUNPATH_SEARCH_PATHS = "$(inherited) @executable_path/Frameworks @loader_path/Frameworks";
				PRODUCT_NAME = "$(TARGET_NAME)";
				TEST_HOST = "$(BUILT_PRODUCTS_DIR)/LetsTab.app/LetsTab";
			};
			name = Debug;
		};
		DB1A5C161CFC885600CFE007 /* Release */ = {
			isa = XCBuildConfiguration;
			buildSettings = {
				BUNDLE_LOADER = "$(TEST_HOST)";
				FRAMEWORK_SEARCH_PATHS = (
					"$(SDKROOT)/Developer/Library/Frameworks",
					"$(inherited)",
				);
				INFOPLIST_FILE = LetsTabTests/Info.plist;
				LD_RUNPATH_SEARCH_PATHS = "$(inherited) @executable_path/Frameworks @loader_path/Frameworks";
				PRODUCT_NAME = "$(TARGET_NAME)";
				TEST_HOST = "$(BUILT_PRODUCTS_DIR)/LetsTab.app/LetsTab";
			};
			name = Release;
		};
/* End XCBuildConfiguration section */

/* Begin XCConfigurationList section */
		DB1A5BE91CFC885600CFE007 /* Build configuration list for PBXProject "LetsTab" */ = {
			isa = XCConfigurationList;
			buildConfigurations = (
				DB1A5C0F1CFC885600CFE007 /* Debug */,
				DB1A5C101CFC885600CFE007 /* Release */,
			);
			defaultConfigurationIsVisible = 0;
			defaultConfigurationName = Release;
		};
		DB1A5C111CFC885600CFE007 /* Build configuration list for PBXNativeTarget "LetsTab" */ = {
			isa = XCConfigurationList;
			buildConfigurations = (
				DB1A5C121CFC885600CFE007 /* Debug */,
				DB1A5C131CFC885600CFE007 /* Release */,
			);
			defaultConfigurationIsVisible = 0;
		};
		DB1A5C141CFC885600CFE007 /* Build configuration list for PBXNativeTarget "LetsTabTests" */ = {
			isa = XCConfigurationList;
			buildConfigurations = (
				DB1A5C151CFC885600CFE007 /* Debug */,
				DB1A5C161CFC885600CFE007 /* Release */,
			);
			defaultConfigurationIsVisible = 0;
		};
/* End XCConfigurationList section */
	};
	rootObject = DB1A5BE61CFC885600CFE007 /* Project object */;
}
