// !$*UTF8*$!
{
	archiveVersion = 1;
	classes = {
	};
	objectVersion = 46;
	objects = {

/* Begin PBXBuildFile section */
		DB449E011CF9AA1900B5ACA9 /* main.m in Sources */ = {isa = PBXBuildFile; fileRef = DB449E001CF9AA1900B5ACA9 /* main.m */; };
		DB449E041CF9AA1900B5ACA9 /* AppDelegate.m in Sources */ = {isa = PBXBuildFile; fileRef = DB449E031CF9AA1900B5ACA9 /* AppDelegate.m */; };
		DB449E071CF9AA1900B5ACA9 /* ViewController.m in Sources */ = {isa = PBXBuildFile; fileRef = DB449E061CF9AA1900B5ACA9 /* ViewController.m */; };
		DB449E0A1CF9AA1900B5ACA9 /* Main.storyboard in Resources */ = {isa = PBXBuildFile; fileRef = DB449E081CF9AA1900B5ACA9 /* Main.storyboard */; };
		DB449E0C1CF9AA1900B5ACA9 /* Images.xcassets in Resources */ = {isa = PBXBuildFile; fileRef = DB449E0B1CF9AA1900B5ACA9 /* Images.xcassets */; };
		DB449E0F1CF9AA1900B5ACA9 /* LaunchScreen.xib in Resources */ = {isa = PBXBuildFile; fileRef = DB449E0D1CF9AA1900B5ACA9 /* LaunchScreen.xib */; };
		DB449E1B1CF9AA1900B5ACA9 /* SizeClassesTestTests.m in Sources */ = {isa = PBXBuildFile; fileRef = DB449E1A1CF9AA1900B5ACA9 /* SizeClassesTestTests.m */; };
/* End PBXBuildFile section */

/* Begin PBXContainerItemProxy section */
		DB449E151CF9AA1900B5ACA9 /* PBXContainerItemProxy */ = {
			isa = PBXContainerItemProxy;
			containerPortal = DB449DF31CF9AA1900B5ACA9 /* Project object */;
			proxyType = 1;
			remoteGlobalIDString = DB449DFA1CF9AA1900B5ACA9;
			remoteInfo = SizeClassesTest;
		};
/* End PBXContainerItemProxy section */

/* Begin PBXFileReference section */
		DB449DFB1CF9AA1900B5ACA9 /* SizeClassesTest.app */ = {isa = PBXFileReference; explicitFileType = wrapper.application; includeInIndex = 0; path = SizeClassesTest.app; sourceTree = BUILT_PRODUCTS_DIR; };
		DB449DFF1CF9AA1900B5ACA9 /* Info.plist */ = {isa = PBXFileReference; lastKnownFileType = text.plist.xml; path = Info.plist; sourceTree = "<group>"; };
		DB449E001CF9AA1900B5ACA9 /* main.m */ = {isa = PBXFileReference; lastKnownFileType = sourcecode.c.objc; path = main.m; sourceTree = "<group>"; };
		DB449E021CF9AA1900B5ACA9 /* AppDelegate.h */ = {isa = PBXFileReference; lastKnownFileType = sourcecode.c.h; path = AppDelegate.h; sourceTree = "<group>"; };
		DB449E031CF9AA1900B5ACA9 /* AppDelegate.m */ = {isa = PBXFileReference; lastKnownFileType = sourcecode.c.objc; path = AppDelegate.m; sourceTree = "<group>"; };
		DB449E051CF9AA1900B5ACA9 /* ViewController.h */ = {isa = PBXFileReference; lastKnownFileType = sourcecode.c.h; path = ViewController.h; sourceTree = "<group>"; };
		DB449E061CF9AA1900B5ACA9 /* ViewController.m */ = {isa = PBXFileReference; lastKnownFileType = sourcecode.c.objc; path = ViewController.m; sourceTree = "<group>"; };
		DB449E091CF9AA1900B5ACA9 /* Base */ = {isa = PBXFileReference; lastKnownFileType = file.storyboard; name = Base; path = Base.lproj/Main.storyboard; sourceTree = "<group>"; };
		DB449E0B1CF9AA1900B5ACA9 /* Images.xcassets */ = {isa = PBXFileReference; lastKnownFileType = folder.assetcatalog; path = Images.xcassets; sourceTree = "<group>"; };
		DB449E0E1CF9AA1900B5ACA9 /* Base */ = {isa = PBXFileReference; lastKnownFileType = file.xib; name = Base; path = Base.lproj/LaunchScreen.xib; sourceTree = "<group>"; };
		DB449E141CF9AA1900B5ACA9 /* SizeClassesTestTests.xctest */ = {isa = PBXFileReference; explicitFileType = wrapper.cfbundle; includeInIndex = 0; path = SizeClassesTestTests.xctest; sourceTree = BUILT_PRODUCTS_DIR; };
		DB449E191CF9AA1900B5ACA9 /* Info.plist */ = {isa = PBXFileReference; lastKnownFileType = text.plist.xml; path = Info.plist; sourceTree = "<group>"; };
		DB449E1A1CF9AA1900B5ACA9 /* SizeClassesTestTests.m */ = {isa = PBXFileReference; lastKnownFileType = sourcecode.c.objc; path = SizeClassesTestTests.m; sourceTree = "<group>"; };
/* End PBXFileReference section */

/* Begin PBXFrameworksBuildPhase section */
		DB449DF81CF9AA1900B5ACA9 /* Frameworks */ = {
			isa = PBXFrameworksBuildPhase;
			buildActionMask = 2147483647;
			files = (
			);
			runOnlyForDeploymentPostprocessing = 0;
		};
		DB449E111CF9AA1900B5ACA9 /* Frameworks */ = {
			isa = PBXFrameworksBuildPhase;
			buildActionMask = 2147483647;
			files = (
			);
			runOnlyForDeploymentPostprocessing = 0;
		};
/* End PBXFrameworksBuildPhase section */

/* Begin PBXGroup section */
		DB449DF21CF9AA1900B5ACA9 = {
			isa = PBXGroup;
			children = (
				DB449DFD1CF9AA1900B5ACA9 /* SizeClassesTest */,
				DB449E171CF9AA1900B5ACA9 /* SizeClassesTestTests */,
				DB449DFC1CF9AA1900B5ACA9 /* Products */,
			);
			sourceTree = "<group>";
		};
		DB449DFC1CF9AA1900B5ACA9 /* Products */ = {
			isa = PBXGroup;
			children = (
				DB449DFB1CF9AA1900B5ACA9 /* SizeClassesTest.app */,
				DB449E141CF9AA1900B5ACA9 /* SizeClassesTestTests.xctest */,
			);
			name = Products;
			sourceTree = "<group>";
		};
		DB449DFD1CF9AA1900B5ACA9 /* SizeClassesTest */ = {
			isa = PBXGroup;
			children = (
				DB449E021CF9AA1900B5ACA9 /* AppDelegate.h */,
				DB449E031CF9AA1900B5ACA9 /* AppDelegate.m */,
				DB449E051CF9AA1900B5ACA9 /* ViewController.h */,
				DB449E061CF9AA1900B5ACA9 /* ViewController.m */,
				DB449E081CF9AA1900B5ACA9 /* Main.storyboard */,
				DB449E0B1CF9AA1900B5ACA9 /* Images.xcassets */,
				DB449E0D1CF9AA1900B5ACA9 /* LaunchScreen.xib */,
				DB449DFE1CF9AA1900B5ACA9 /* Supporting Files */,
			);
			path = SizeClassesTest;
			sourceTree = "<group>";
		};
		DB449DFE1CF9AA1900B5ACA9 /* Supporting Files */ = {
			isa = PBXGroup;
			children = (
				DB449DFF1CF9AA1900B5ACA9 /* Info.plist */,
				DB449E001CF9AA1900B5ACA9 /* main.m */,
			);
			name = "Supporting Files";
			sourceTree = "<group>";
		};
		DB449E171CF9AA1900B5ACA9 /* SizeClassesTestTests */ = {
			isa = PBXGroup;
			children = (
				DB449E1A1CF9AA1900B5ACA9 /* SizeClassesTestTests.m */,
				DB449E181CF9AA1900B5ACA9 /* Supporting Files */,
			);
			path = SizeClassesTestTests;
			sourceTree = "<group>";
		};
		DB449E181CF9AA1900B5ACA9 /* Supporting Files */ = {
			isa = PBXGroup;
			children = (
				DB449E191CF9AA1900B5ACA9 /* Info.plist */,
			);
			name = "Supporting Files";
			sourceTree = "<group>";
		};
/* End PBXGroup section */

/* Begin PBXNativeTarget section */
		DB449DFA1CF9AA1900B5ACA9 /* SizeClassesTest */ = {
			isa = PBXNativeTarget;
			buildConfigurationList = DB449E1E1CF9AA1900B5ACA9 /* Build configuration list for PBXNativeTarget "SizeClassesTest" */;
			buildPhases = (
				DB449DF71CF9AA1900B5ACA9 /* Sources */,
				DB449DF81CF9AA1900B5ACA9 /* Frameworks */,
				DB449DF91CF9AA1900B5ACA9 /* Resources */,
			);
			buildRules = (
			);
			dependencies = (
			);
			name = SizeClassesTest;
			productName = SizeClassesTest;
			productReference = DB449DFB1CF9AA1900B5ACA9 /* SizeClassesTest.app */;
			productType = "com.apple.product-type.application";
		};
		DB449E131CF9AA1900B5ACA9 /* SizeClassesTestTests */ = {
			isa = PBXNativeTarget;
			buildConfigurationList = DB449E211CF9AA1900B5ACA9 /* Build configuration list for PBXNativeTarget "SizeClassesTestTests" */;
			buildPhases = (
				DB449E101CF9AA1900B5ACA9 /* Sources */,
				DB449E111CF9AA1900B5ACA9 /* Frameworks */,
				DB449E121CF9AA1900B5ACA9 /* Resources */,
			);
			buildRules = (
			);
			dependencies = (
				DB449E161CF9AA1900B5ACA9 /* PBXTargetDependency */,
			);
			name = SizeClassesTestTests;
			productName = SizeClassesTestTests;
			productReference = DB449E141CF9AA1900B5ACA9 /* SizeClassesTestTests.xctest */;
			productType = "com.apple.product-type.bundle.unit-test";
		};
/* End PBXNativeTarget section */

/* Begin PBXProject section */
		DB449DF31CF9AA1900B5ACA9 /* Project object */ = {
			isa = PBXProject;
			attributes = {
				LastUpgradeCheck = 0640;
				ORGANIZATIONNAME = ZheyuanFu;
				TargetAttributes = {
					DB449DFA1CF9AA1900B5ACA9 = {
						CreatedOnToolsVersion = 6.4;
					};
					DB449E131CF9AA1900B5ACA9 = {
						CreatedOnToolsVersion = 6.4;
						TestTargetID = DB449DFA1CF9AA1900B5ACA9;
					};
				};
			};
			buildConfigurationList = DB449DF61CF9AA1900B5ACA9 /* Build configuration list for PBXProject "SizeClassesTest" */;
			compatibilityVersion = "Xcode 3.2";
			developmentRegion = English;
			hasScannedForEncodings = 0;
			knownRegions = (
				en,
				Base,
			);
			mainGroup = DB449DF21CF9AA1900B5ACA9;
			productRefGroup = DB449DFC1CF9AA1900B5ACA9 /* Products */;
			projectDirPath = "";
			projectRoot = "";
			targets = (
				DB449DFA1CF9AA1900B5ACA9 /* SizeClassesTest */,
				DB449E131CF9AA1900B5ACA9 /* SizeClassesTestTests */,
			);
		};
/* End PBXProject section */

/* Begin PBXResourcesBuildPhase section */
		DB449DF91CF9AA1900B5ACA9 /* Resources */ = {
			isa = PBXResourcesBuildPhase;
			buildActionMask = 2147483647;
			files = (
				DB449E0A1CF9AA1900B5ACA9 /* Main.storyboard in Resources */,
				DB449E0F1CF9AA1900B5ACA9 /* LaunchScreen.xib in Resources */,
				DB449E0C1CF9AA1900B5ACA9 /* Images.xcassets in Resources */,
			);
			runOnlyForDeploymentPostprocessing = 0;
		};
		DB449E121CF9AA1900B5ACA9 /* Resources */ = {
			isa = PBXResourcesBuildPhase;
			buildActionMask = 2147483647;
			files = (
			);
			runOnlyForDeploymentPostprocessing = 0;
		};
/* End PBXResourcesBuildPhase section */

/* Begin PBXSourcesBuildPhase section */
		DB449DF71CF9AA1900B5ACA9 /* Sources */ = {
			isa = PBXSourcesBuildPhase;
			buildActionMask = 2147483647;
			files = (
				DB449E071CF9AA1900B5ACA9 /* ViewController.m in Sources */,
				DB449E041CF9AA1900B5ACA9 /* AppDelegate.m in Sources */,
				DB449E011CF9AA1900B5ACA9 /* main.m in Sources */,
			);
			runOnlyForDeploymentPostprocessing = 0;
		};
		DB449E101CF9AA1900B5ACA9 /* Sources */ = {
			isa = PBXSourcesBuildPhase;
			buildActionMask = 2147483647;
			files = (
				DB449E1B1CF9AA1900B5ACA9 /* SizeClassesTestTests.m in Sources */,
			);
			runOnlyForDeploymentPostprocessing = 0;
		};
/* End PBXSourcesBuildPhase section */

/* Begin PBXTargetDependency section */
		DB449E161CF9AA1900B5ACA9 /* PBXTargetDependency */ = {
			isa = PBXTargetDependency;
			target = DB449DFA1CF9AA1900B5ACA9 /* SizeClassesTest */;
			targetProxy = DB449E151CF9AA1900B5ACA9 /* PBXContainerItemProxy */;
		};
/* End PBXTargetDependency section */

/* Begin PBXVariantGroup section */
		DB449E081CF9AA1900B5ACA9 /* Main.storyboard */ = {
			isa = PBXVariantGroup;
			children = (
				DB449E091CF9AA1900B5ACA9 /* Base */,
			);
			name = Main.storyboard;
			sourceTree = "<group>";
		};
		DB449E0D1CF9AA1900B5ACA9 /* LaunchScreen.xib */ = {
			isa = PBXVariantGroup;
			children = (
				DB449E0E1CF9AA1900B5ACA9 /* Base */,
			);
			name = LaunchScreen.xib;
			sourceTree = "<group>";
		};
/* End PBXVariantGroup section */

/* Begin XCBuildConfiguration section */
		DB449E1C1CF9AA1900B5ACA9 /* Debug */ = {
			isa = XCBuildConfiguration;
			buildSettings = {
				ALWAYS_SEARCH_USER_PATHS = NO;
				CLANG_CXX_LANGUAGE_STANDARD = "gnu++0x";
				CLANG_CXX_LIBRARY = "libc++";
				CLANG_ENABLE_MODULES = YES;
				CLANG_ENABLE_OBJC_ARC = YES;
				CLANG_WARN_BOOL_CONVERSION = YES;
				CLANG_WARN_CONSTANT_CONVERSION = YES;
				CLANG_WARN_DIRECT_OBJC_ISA_USAGE = YES_ERROR;
				CLANG_WARN_EMPTY_BODY = YES;
				CLANG_WARN_ENUM_CONVERSION = YES;
				CLANG_WARN_INT_CONVERSION = YES;
				CLANG_WARN_OBJC_ROOT_CLASS = YES_ERROR;
				CLANG_WARN_UNREACHABLE_CODE = YES;
				CLANG_WARN__DUPLICATE_METHOD_MATCH = YES;
				"CODE_SIGN_IDENTITY[sdk=iphoneos*]" = "iPhone Developer";
				COPY_PHASE_STRIP = NO;
				DEBUG_INFORMATION_FORMAT = "dwarf-with-dsym";
				ENABLE_STRICT_OBJC_MSGSEND = YES;
				GCC_C_LANGUAGE_STANDARD = gnu99;
				GCC_DYNAMIC_NO_PIC = NO;
				GCC_NO_COMMON_BLOCKS = YES;
				GCC_OPTIMIZATION_LEVEL = 0;
				GCC_PREPROCESSOR_DEFINITIONS = (
					"DEBUG=1",
					"$(inherited)",
				);
				GCC_SYMBOLS_PRIVATE_EXTERN = NO;
				GCC_WARN_64_TO_32_BIT_CONVERSION = YES;
				GCC_WARN_ABOUT_RETURN_TYPE = YES_ERROR;
				GCC_WARN_UNDECLARED_SELECTOR = YES;
				GCC_WARN_UNINITIALIZED_AUTOS = YES_AGGRESSIVE;
				GCC_WARN_UNUSED_FUNCTION = YES;
				GCC_WARN_UNUSED_VARIABLE = YES;
				IPHONEOS_DEPLOYMENT_TARGET = 8.4;
				MTL_ENABLE_DEBUG_INFO = YES;
				ONLY_ACTIVE_ARCH = YES;
				SDKROOT = iphoneos;
			};
			name = Debug;
		};
		DB449E1D1CF9AA1900B5ACA9 /* Release */ = {
			isa = XCBuildConfiguration;
			buildSettings = {
				ALWAYS_SEARCH_USER_PATHS = NO;
				CLANG_CXX_LANGUAGE_STANDARD = "gnu++0x";
				CLANG_CXX_LIBRARY = "libc++";
				CLANG_ENABLE_MODULES = YES;
				CLANG_ENABLE_OBJC_ARC = YES;
				CLANG_WARN_BOOL_CONVERSION = YES;
				CLANG_WARN_CONSTANT_CONVERSION = YES;
				CLANG_WARN_DIRECT_OBJC_ISA_USAGE = YES_ERROR;
				CLANG_WARN_EMPTY_BODY = YES;
				CLANG_WARN_ENUM_CONVERSION = YES;
				CLANG_WARN_INT_CONVERSION = YES;
				CLANG_WARN_OBJC_ROOT_CLASS = YES_ERROR;
				CLANG_WARN_UNREACHABLE_CODE = YES;
				CLANG_WARN__DUPLICATE_METHOD_MATCH = YES;
				"CODE_SIGN_IDENTITY[sdk=iphoneos*]" = "iPhone Developer";
				COPY_PHASE_STRIP = NO;
				DEBUG_INFORMATION_FORMAT = "dwarf-with-dsym";
				ENABLE_NS_ASSERTIONS = NO;
				ENABLE_STRICT_OBJC_MSGSEND = YES;
				GCC_C_LANGUAGE_STANDARD = gnu99;
				GCC_NO_COMMON_BLOCKS = YES;
				GCC_WARN_64_TO_32_BIT_CONVERSION = YES;
				GCC_WARN_ABOUT_RETURN_TYPE = YES_ERROR;
				GCC_WARN_UNDECLARED_SELECTOR = YES;
				GCC_WARN_UNINITIALIZED_AUTOS = YES_AGGRESSIVE;
				GCC_WARN_UNUSED_FUNCTION = YES;
				GCC_WARN_UNUSED_VARIABLE = YES;
				IPHONEOS_DEPLOYMENT_TARGET = 8.4;
				MTL_ENABLE_DEBUG_INFO = NO;
				SDKROOT = iphoneos;
				VALIDATE_PRODUCT = YES;
			};
			name = Release;
		};
		DB449E1F1CF9AA1900B5ACA9 /* Debug */ = {
			isa = XCBuildConfiguration;
			buildSettings = {
				ASSETCATALOG_COMPILER_APPICON_NAME = AppIcon;
				INFOPLIST_FILE = SizeClassesTest/Info.plist;
				LD_RUNPATH_SEARCH_PATHS = "$(inherited) @executable_path/Frameworks";
				PRODUCT_NAME = "$(TARGET_NAME)";
			};
			name = Debug;
		};
		DB449E201CF9AA1900B5ACA9 /* Release */ = {
			isa = XCBuildConfiguration;
			buildSettings = {
				ASSETCATALOG_COMPILER_APPICON_NAME = AppIcon;
				INFOPLIST_FILE = SizeClassesTest/Info.plist;
				LD_RUNPATH_SEARCH_PATHS = "$(inherited) @executable_path/Frameworks";
				PRODUCT_NAME = "$(TARGET_NAME)";
			};
			name = Release;
		};
		DB449E221CF9AA1900B5ACA9 /* Debug */ = {
			isa = XCBuildConfiguration;
			buildSettings = {
				BUNDLE_LOADER = "$(TEST_HOST)";
				FRAMEWORK_SEARCH_PATHS = (
					"$(SDKROOT)/Developer/Library/Frameworks",
					"$(inherited)",
				);
				GCC_PREPROCESSOR_DEFINITIONS = (
					"DEBUG=1",
					"$(inherited)",
				);
				INFOPLIST_FILE = SizeClassesTestTests/Info.plist;
				LD_RUNPATH_SEARCH_PATHS = "$(inherited) @executable_path/Frameworks @loader_path/Frameworks";
				PRODUCT_NAME = "$(TARGET_NAME)";
				TEST_HOST = "$(BUILT_PRODUCTS_DIR)/SizeClassesTest.app/SizeClassesTest";
			};
			name = Debug;
		};
		DB449E231CF9AA1900B5ACA9 /* Release */ = {
			isa = XCBuildConfiguration;
			buildSettings = {
				BUNDLE_LOADER = "$(TEST_HOST)";
				FRAMEWORK_SEARCH_PATHS = (
					"$(SDKROOT)/Developer/Library/Frameworks",
					"$(inherited)",
				);
				INFOPLIST_FILE = SizeClassesTestTests/Info.plist;
				LD_RUNPATH_SEARCH_PATHS = "$(inherited) @executable_path/Frameworks @loader_path/Frameworks";
				PRODUCT_NAME = "$(TARGET_NAME)";
				TEST_HOST = "$(BUILT_PRODUCTS_DIR)/SizeClassesTest.app/SizeClassesTest";
			};
			name = Release;
		};
/* End XCBuildConfiguration section */

/* Begin XCConfigurationList section */
		DB449DF61CF9AA1900B5ACA9 /* Build configuration list for PBXProject "SizeClassesTest" */ = {
			isa = XCConfigurationList;
			buildConfigurations = (
				DB449E1C1CF9AA1900B5ACA9 /* Debug */,
				DB449E1D1CF9AA1900B5ACA9 /* Release */,
			);
			defaultConfigurationIsVisible = 0;
			defaultConfigurationName = Release;
		};
		DB449E1E1CF9AA1900B5ACA9 /* Build configuration list for PBXNativeTarget "SizeClassesTest" */ = {
			isa = XCConfigurationList;
			buildConfigurations = (
				DB449E1F1CF9AA1900B5ACA9 /* Debug */,
				DB449E201CF9AA1900B5ACA9 /* Release */,
			);
			defaultConfigurationIsVisible = 0;
		};
		DB449E211CF9AA1900B5ACA9 /* Build configuration list for PBXNativeTarget "SizeClassesTestTests" */ = {
			isa = XCConfigurationList;
			buildConfigurations = (
				DB449E221CF9AA1900B5ACA9 /* Debug */,
				DB449E231CF9AA1900B5ACA9 /* Release */,
			);
			defaultConfigurationIsVisible = 0;
		};
/* End XCConfigurationList section */
	};
	rootObject = DB449DF31CF9AA1900B5ACA9 /* Project object */;
}
