// !$*UTF8*$!
{
	archiveVersion = 1;
	classes = {
	};
	objectVersion = 46;
	objects = {

/* Begin PBXBuildFile section */
		DB08B2A91D228A0C00CDA02A /* main.m in Sources */ = {isa = PBXBuildFile; fileRef = DB08B2A81D228A0C00CDA02A /* main.m */; };
		DB08B2AC1D228A0C00CDA02A /* AppDelegate.m in Sources */ = {isa = PBXBuildFile; fileRef = DB08B2AB1D228A0C00CDA02A /* AppDelegate.m */; };
		DB08B2AF1D228A0C00CDA02A /* LevelScene.m in Sources */ = {isa = PBXBuildFile; fileRef = DB08B2AE1D228A0C00CDA02A /* LevelScene.m */; };
		DB08B2B11D228A0C00CDA02A /* GameScene.sks in Resources */ = {isa = PBXBuildFile; fileRef = DB08B2B01D228A0C00CDA02A /* GameScene.sks */; };
		DB08B2B41D228A0C00CDA02A /* GameViewController.m in Sources */ = {isa = PBXBuildFile; fileRef = DB08B2B31D228A0C00CDA02A /* GameViewController.m */; };
		DB08B2B71D228A0C00CDA02A /* Main.storyboard in Resources */ = {isa = PBXBuildFile; fileRef = DB08B2B51D228A0C00CDA02A /* Main.storyboard */; };
		DB08B2B91D228A0C00CDA02A /* Images.xcassets in Resources */ = {isa = PBXBuildFile; fileRef = DB08B2B81D228A0C00CDA02A /* Images.xcassets */; };
		DB08B2BC1D228A0C00CDA02A /* LaunchScreen.xib in Resources */ = {isa = PBXBuildFile; fileRef = DB08B2BA1D228A0C00CDA02A /* LaunchScreen.xib */; };
		DB08B2C81D228A0C00CDA02A /* MySpriteGameTests.m in Sources */ = {isa = PBXBuildFile; fileRef = DB08B2C71D228A0C00CDA02A /* MySpriteGameTests.m */; };
/* End PBXBuildFile section */

/* Begin PBXContainerItemProxy section */
		DB08B2C21D228A0C00CDA02A /* PBXContainerItemProxy */ = {
			isa = PBXContainerItemProxy;
			containerPortal = DB08B29B1D228A0C00CDA02A /* Project object */;
			proxyType = 1;
			remoteGlobalIDString = DB08B2A21D228A0C00CDA02A;
			remoteInfo = MySpriteGame;
		};
/* End PBXContainerItemProxy section */

/* Begin PBXFileReference section */
		DB08B2A31D228A0C00CDA02A /* MySpriteGame.app */ = {isa = PBXFileReference; explicitFileType = wrapper.application; includeInIndex = 0; path = MySpriteGame.app; sourceTree = BUILT_PRODUCTS_DIR; };
		DB08B2A71D228A0C00CDA02A /* Info.plist */ = {isa = PBXFileReference; lastKnownFileType = text.plist.xml; path = Info.plist; sourceTree = "<group>"; };
		DB08B2A81D228A0C00CDA02A /* main.m */ = {isa = PBXFileReference; lastKnownFileType = sourcecode.c.objc; path = main.m; sourceTree = "<group>"; };
		DB08B2AA1D228A0C00CDA02A /* AppDelegate.h */ = {isa = PBXFileReference; lastKnownFileType = sourcecode.c.h; path = AppDelegate.h; sourceTree = "<group>"; };
		DB08B2AB1D228A0C00CDA02A /* AppDelegate.m */ = {isa = PBXFileReference; lastKnownFileType = sourcecode.c.objc; path = AppDelegate.m; sourceTree = "<group>"; };
		DB08B2AD1D228A0C00CDA02A /* LevelScene.h */ = {isa = PBXFileReference; lastKnownFileType = sourcecode.c.h; path = LevelScene.h; sourceTree = "<group>"; };
		DB08B2AE1D228A0C00CDA02A /* LevelScene.m */ = {isa = PBXFileReference; lastKnownFileType = sourcecode.c.objc; path = LevelScene.m; sourceTree = "<group>"; };
		DB08B2B01D228A0C00CDA02A /* GameScene.sks */ = {isa = PBXFileReference; lastKnownFileType = file.sks; path = GameScene.sks; sourceTree = "<group>"; };
		DB08B2B21D228A0C00CDA02A /* GameViewController.h */ = {isa = PBXFileReference; lastKnownFileType = sourcecode.c.h; path = GameViewController.h; sourceTree = "<group>"; };
		DB08B2B31D228A0C00CDA02A /* GameViewController.m */ = {isa = PBXFileReference; lastKnownFileType = sourcecode.c.objc; path = GameViewController.m; sourceTree = "<group>"; };
		DB08B2B61D228A0C00CDA02A /* Base */ = {isa = PBXFileReference; lastKnownFileType = file.storyboard; name = Base; path = Base.lproj/Main.storyboard; sourceTree = "<group>"; };
		DB08B2B81D228A0C00CDA02A /* Images.xcassets */ = {isa = PBXFileReference; lastKnownFileType = folder.assetcatalog; path = Images.xcassets; sourceTree = "<group>"; };
		DB08B2BB1D228A0C00CDA02A /* Base */ = {isa = PBXFileReference; lastKnownFileType = file.xib; name = Base; path = Base.lproj/LaunchScreen.xib; sourceTree = "<group>"; };
		DB08B2C11D228A0C00CDA02A /* MySpriteGameTests.xctest */ = {isa = PBXFileReference; explicitFileType = wrapper.cfbundle; includeInIndex = 0; path = MySpriteGameTests.xctest; sourceTree = BUILT_PRODUCTS_DIR; };
		DB08B2C61D228A0C00CDA02A /* Info.plist */ = {isa = PBXFileReference; lastKnownFileType = text.plist.xml; path = Info.plist; sourceTree = "<group>"; };
		DB08B2C71D228A0C00CDA02A /* MySpriteGameTests.m */ = {isa = PBXFileReference; lastKnownFileType = sourcecode.c.objc; path = MySpriteGameTests.m; sourceTree = "<group>"; };
/* End PBXFileReference section */

/* Begin PBXFrameworksBuildPhase section */
		DB08B2A01D228A0C00CDA02A /* Frameworks */ = {
			isa = PBXFrameworksBuildPhase;
			buildActionMask = 2147483647;
			files = (
			);
			runOnlyForDeploymentPostprocessing = 0;
		};
		DB08B2BE1D228A0C00CDA02A /* Frameworks */ = {
			isa = PBXFrameworksBuildPhase;
			buildActionMask = 2147483647;
			files = (
			);
			runOnlyForDeploymentPostprocessing = 0;
		};
/* End PBXFrameworksBuildPhase section */

/* Begin PBXGroup section */
		DB08B29A1D228A0C00CDA02A = {
			isa = PBXGroup;
			children = (
				DB08B2A51D228A0C00CDA02A /* MySpriteGame */,
				DB08B2C41D228A0C00CDA02A /* MySpriteGameTests */,
				DB08B2A41D228A0C00CDA02A /* Products */,
			);
			sourceTree = "<group>";
		};
		DB08B2A41D228A0C00CDA02A /* Products */ = {
			isa = PBXGroup;
			children = (
				DB08B2A31D228A0C00CDA02A /* MySpriteGame.app */,
				DB08B2C11D228A0C00CDA02A /* MySpriteGameTests.xctest */,
			);
			name = Products;
			sourceTree = "<group>";
		};
		DB08B2A51D228A0C00CDA02A /* MySpriteGame */ = {
			isa = PBXGroup;
			children = (
				DB08B2AA1D228A0C00CDA02A /* AppDelegate.h */,
				DB08B2AB1D228A0C00CDA02A /* AppDelegate.m */,
				DB08B2AD1D228A0C00CDA02A /* LevelScene.h */,
				DB08B2AE1D228A0C00CDA02A /* LevelScene.m */,
				DB08B2B01D228A0C00CDA02A /* GameScene.sks */,
				DB08B2B21D228A0C00CDA02A /* GameViewController.h */,
				DB08B2B31D228A0C00CDA02A /* GameViewController.m */,
				DB08B2B51D228A0C00CDA02A /* Main.storyboard */,
				DB08B2B81D228A0C00CDA02A /* Images.xcassets */,
				DB08B2BA1D228A0C00CDA02A /* LaunchScreen.xib */,
				DB08B2A61D228A0C00CDA02A /* Supporting Files */,
			);
			path = MySpriteGame;
			sourceTree = "<group>";
		};
		DB08B2A61D228A0C00CDA02A /* Supporting Files */ = {
			isa = PBXGroup;
			children = (
				DB08B2A71D228A0C00CDA02A /* Info.plist */,
				DB08B2A81D228A0C00CDA02A /* main.m */,
			);
			name = "Supporting Files";
			sourceTree = "<group>";
		};
		DB08B2C41D228A0C00CDA02A /* MySpriteGameTests */ = {
			isa = PBXGroup;
			children = (
				DB08B2C71D228A0C00CDA02A /* MySpriteGameTests.m */,
				DB08B2C51D228A0C00CDA02A /* Supporting Files */,
			);
			path = MySpriteGameTests;
			sourceTree = "<group>";
		};
		DB08B2C51D228A0C00CDA02A /* Supporting Files */ = {
			isa = PBXGroup;
			children = (
				DB08B2C61D228A0C00CDA02A /* Info.plist */,
			);
			name = "Supporting Files";
			sourceTree = "<group>";
		};
/* End PBXGroup section */

/* Begin PBXNativeTarget section */
		DB08B2A21D228A0C00CDA02A /* MySpriteGame */ = {
			isa = PBXNativeTarget;
			buildConfigurationList = DB08B2CB1D228A0C00CDA02A /* Build configuration list for PBXNativeTarget "MySpriteGame" */;
			buildPhases = (
				DB08B29F1D228A0C00CDA02A /* Sources */,
				DB08B2A01D228A0C00CDA02A /* Frameworks */,
				DB08B2A11D228A0C00CDA02A /* Resources */,
			);
			buildRules = (
			);
			dependencies = (
			);
			name = MySpriteGame;
			productName = MySpriteGame;
			productReference = DB08B2A31D228A0C00CDA02A /* MySpriteGame.app */;
			productType = "com.apple.product-type.application";
		};
		DB08B2C01D228A0C00CDA02A /* MySpriteGameTests */ = {
			isa = PBXNativeTarget;
			buildConfigurationList = DB08B2CE1D228A0C00CDA02A /* Build configuration list for PBXNativeTarget "MySpriteGameTests" */;
			buildPhases = (
				DB08B2BD1D228A0C00CDA02A /* Sources */,
				DB08B2BE1D228A0C00CDA02A /* Frameworks */,
				DB08B2BF1D228A0C00CDA02A /* Resources */,
			);
			buildRules = (
			);
			dependencies = (
				DB08B2C31D228A0C00CDA02A /* PBXTargetDependency */,
			);
			name = MySpriteGameTests;
			productName = MySpriteGameTests;
			productReference = DB08B2C11D228A0C00CDA02A /* MySpriteGameTests.xctest */;
			productType = "com.apple.product-type.bundle.unit-test";
		};
/* End PBXNativeTarget section */

/* Begin PBXProject section */
		DB08B29B1D228A0C00CDA02A /* Project object */ = {
			isa = PBXProject;
			attributes = {
				LastUpgradeCheck = 0640;
				ORGANIZATIONNAME = ZheyuanFu;
				TargetAttributes = {
					DB08B2A21D228A0C00CDA02A = {
						CreatedOnToolsVersion = 6.4;
					};
					DB08B2C01D228A0C00CDA02A = {
						CreatedOnToolsVersion = 6.4;
						TestTargetID = DB08B2A21D228A0C00CDA02A;
					};
				};
			};
			buildConfigurationList = DB08B29E1D228A0C00CDA02A /* Build configuration list for PBXProject "MySpriteGame" */;
			compatibilityVersion = "Xcode 3.2";
			developmentRegion = English;
			hasScannedForEncodings = 0;
			knownRegions = (
				en,
				Base,
			);
			mainGroup = DB08B29A1D228A0C00CDA02A;
			productRefGroup = DB08B2A41D228A0C00CDA02A /* Products */;
			projectDirPath = "";
			projectRoot = "";
			targets = (
				DB08B2A21D228A0C00CDA02A /* MySpriteGame */,
				DB08B2C01D228A0C00CDA02A /* MySpriteGameTests */,
			);
		};
/* End PBXProject section */

/* Begin PBXResourcesBuildPhase section */
		DB08B2A11D228A0C00CDA02A /* Resources */ = {
			isa = PBXResourcesBuildPhase;
			buildActionMask = 2147483647;
			files = (
				DB08B2BC1D228A0C00CDA02A /* LaunchScreen.xib in Resources */,
				DB08B2B91D228A0C00CDA02A /* Images.xcassets in Resources */,
				DB08B2B11D228A0C00CDA02A /* GameScene.sks in Resources */,
				DB08B2B71D228A0C00CDA02A /* Main.storyboard in Resources */,
			);
			runOnlyForDeploymentPostprocessing = 0;
		};
		DB08B2BF1D228A0C00CDA02A /* Resources */ = {
			isa = PBXResourcesBuildPhase;
			buildActionMask = 2147483647;
			files = (
			);
			runOnlyForDeploymentPostprocessing = 0;
		};
/* End PBXResourcesBuildPhase section */

/* Begin PBXSourcesBuildPhase section */
		DB08B29F1D228A0C00CDA02A /* Sources */ = {
			isa = PBXSourcesBuildPhase;
			buildActionMask = 2147483647;
			files = (
				DB08B2B41D228A0C00CDA02A /* GameViewController.m in Sources */,
				DB08B2AC1D228A0C00CDA02A /* AppDelegate.m in Sources */,
				DB08B2AF1D228A0C00CDA02A /* LevelScene.m in Sources */,
				DB08B2A91D228A0C00CDA02A /* main.m in Sources */,
			);
			runOnlyForDeploymentPostprocessing = 0;
		};
		DB08B2BD1D228A0C00CDA02A /* Sources */ = {
			isa = PBXSourcesBuildPhase;
			buildActionMask = 2147483647;
			files = (
				DB08B2C81D228A0C00CDA02A /* MySpriteGameTests.m in Sources */,
			);
			runOnlyForDeploymentPostprocessing = 0;
		};
/* End PBXSourcesBuildPhase section */

/* Begin PBXTargetDependency section */
		DB08B2C31D228A0C00CDA02A /* PBXTargetDependency */ = {
			isa = PBXTargetDependency;
			target = DB08B2A21D228A0C00CDA02A /* MySpriteGame */;
			targetProxy = DB08B2C21D228A0C00CDA02A /* PBXContainerItemProxy */;
		};
/* End PBXTargetDependency section */

/* Begin PBXVariantGroup section */
		DB08B2B51D228A0C00CDA02A /* Main.storyboard */ = {
			isa = PBXVariantGroup;
			children = (
				DB08B2B61D228A0C00CDA02A /* Base */,
			);
			name = Main.storyboard;
			sourceTree = "<group>";
		};
		DB08B2BA1D228A0C00CDA02A /* LaunchScreen.xib */ = {
			isa = PBXVariantGroup;
			children = (
				DB08B2BB1D228A0C00CDA02A /* Base */,
			);
			name = LaunchScreen.xib;
			sourceTree = "<group>";
		};
/* End PBXVariantGroup section */

/* Begin XCBuildConfiguration section */
		DB08B2C91D228A0C00CDA02A /* Debug */ = {
			isa = XCBuildConfiguration;
			buildSettings = {
				ALWAYS_SEARCH_USER_PATHS = NO;
				CLANG_CXX_LANGUAGE_STANDARD = "gnu++0x";
				CLANG_CXX_LIBRARY = "libc++";
				CLANG_ENABLE_MODULES = YES;
				CLANG_ENABLE_OBJC_ARC = YES;
				CLANG_WARN_BOOL_CONVERSION = YES;
				CLANG_WARN_CONSTANT_CONVERSION = YES;
				CLANG_WARN_DIRECT_OBJC_ISA_USAGE = YES_ERROR;
				CLANG_WARN_EMPTY_BODY = YES;
				CLANG_WARN_ENUM_CONVERSION = YES;
				CLANG_WARN_INT_CONVERSION = YES;
				CLANG_WARN_OBJC_ROOT_CLASS = YES_ERROR;
				CLANG_WARN_UNREACHABLE_CODE = YES;
				CLANG_WARN__DUPLICATE_METHOD_MATCH = YES;
				"CODE_SIGN_IDENTITY[sdk=iphoneos*]" = "iPhone Developer";
				COPY_PHASE_STRIP = NO;
				DEBUG_INFORMATION_FORMAT = "dwarf-with-dsym";
				ENABLE_STRICT_OBJC_MSGSEND = YES;
				GCC_C_LANGUAGE_STANDARD = gnu99;
				GCC_DYNAMIC_NO_PIC = NO;
				GCC_NO_COMMON_BLOCKS = YES;
				GCC_OPTIMIZATION_LEVEL = 0;
				GCC_PREPROCESSOR_DEFINITIONS = (
					"DEBUG=1",
					"$(inherited)",
				);
				GCC_SYMBOLS_PRIVATE_EXTERN = NO;
				GCC_WARN_64_TO_32_BIT_CONVERSION = YES;
				GCC_WARN_ABOUT_RETURN_TYPE = YES_ERROR;
				GCC_WARN_UNDECLARED_SELECTOR = YES;
				GCC_WARN_UNINITIALIZED_AUTOS = YES_AGGRESSIVE;
				GCC_WARN_UNUSED_FUNCTION = YES;
				GCC_WARN_UNUSED_VARIABLE = YES;
				IPHONEOS_DEPLOYMENT_TARGET = 8.4;
				MTL_ENABLE_DEBUG_INFO = YES;
				ONLY_ACTIVE_ARCH = YES;
				SDKROOT = iphoneos;
			};
			name = Debug;
		};
		DB08B2CA1D228A0C00CDA02A /* Release */ = {
			isa = XCBuildConfiguration;
			buildSettings = {
				ALWAYS_SEARCH_USER_PATHS = NO;
				CLANG_CXX_LANGUAGE_STANDARD = "gnu++0x";
				CLANG_CXX_LIBRARY = "libc++";
				CLANG_ENABLE_MODULES = YES;
				CLANG_ENABLE_OBJC_ARC = YES;
				CLANG_WARN_BOOL_CONVERSION = YES;
				CLANG_WARN_CONSTANT_CONVERSION = YES;
				CLANG_WARN_DIRECT_OBJC_ISA_USAGE = YES_ERROR;
				CLANG_WARN_EMPTY_BODY = YES;
				CLANG_WARN_ENUM_CONVERSION = YES;
				CLANG_WARN_INT_CONVERSION = YES;
				CLANG_WARN_OBJC_ROOT_CLASS = YES_ERROR;
				CLANG_WARN_UNREACHABLE_CODE = YES;
				CLANG_WARN__DUPLICATE_METHOD_MATCH = YES;
				"CODE_SIGN_IDENTITY[sdk=iphoneos*]" = "iPhone Developer";
				COPY_PHASE_STRIP = NO;
				DEBUG_INFORMATION_FORMAT = "dwarf-with-dsym";
				ENABLE_NS_ASSERTIONS = NO;
				ENABLE_STRICT_OBJC_MSGSEND = YES;
				GCC_C_LANGUAGE_STANDARD = gnu99;
				GCC_NO_COMMON_BLOCKS = YES;
				GCC_WARN_64_TO_32_BIT_CONVERSION = YES;
				GCC_WARN_ABOUT_RETURN_TYPE = YES_ERROR;
				GCC_WARN_UNDECLARED_SELECTOR = YES;
				GCC_WARN_UNINITIALIZED_AUTOS = YES_AGGRESSIVE;
				GCC_WARN_UNUSED_FUNCTION = YES;
				GCC_WARN_UNUSED_VARIABLE = YES;
				IPHONEOS_DEPLOYMENT_TARGET = 8.4;
				MTL_ENABLE_DEBUG_INFO = NO;
				SDKROOT = iphoneos;
				VALIDATE_PRODUCT = YES;
			};
			name = Release;
		};
		DB08B2CC1D228A0C00CDA02A /* Debug */ = {
			isa = XCBuildConfiguration;
			buildSettings = {
				ASSETCATALOG_COMPILER_APPICON_NAME = AppIcon;
				INFOPLIST_FILE = MySpriteGame/Info.plist;
				LD_RUNPATH_SEARCH_PATHS = "$(inherited) @executable_path/Frameworks";
				PRODUCT_NAME = "$(TARGET_NAME)";
			};
			name = Debug;
		};
		DB08B2CD1D228A0C00CDA02A /* Release */ = {
			isa = XCBuildConfiguration;
			buildSettings = {
				ASSETCATALOG_COMPILER_APPICON_NAME = AppIcon;
				INFOPLIST_FILE = MySpriteGame/Info.plist;
				LD_RUNPATH_SEARCH_PATHS = "$(inherited) @executable_path/Frameworks";
				PRODUCT_NAME = "$(TARGET_NAME)";
			};
			name = Release;
		};
		DB08B2CF1D228A0C00CDA02A /* Debug */ = {
			isa = XCBuildConfiguration;
			buildSettings = {
				BUNDLE_LOADER = "$(TEST_HOST)";
				FRAMEWORK_SEARCH_PATHS = (
					"$(SDKROOT)/Developer/Library/Frameworks",
					"$(inherited)",
				);
				GCC_PREPROCESSOR_DEFINITIONS = (
					"DEBUG=1",
					"$(inherited)",
				);
				INFOPLIST_FILE = MySpriteGameTests/Info.plist;
				LD_RUNPATH_SEARCH_PATHS = "$(inherited) @executable_path/Frameworks @loader_path/Frameworks";
				PRODUCT_NAME = "$(TARGET_NAME)";
				TEST_HOST = "$(BUILT_PRODUCTS_DIR)/MySpriteGame.app/MySpriteGame";
			};
			name = Debug;
		};
		DB08B2D01D228A0C00CDA02A /* Release */ = {
			isa = XCBuildConfiguration;
			buildSettings = {
				BUNDLE_LOADER = "$(TEST_HOST)";
				FRAMEWORK_SEARCH_PATHS = (
					"$(SDKROOT)/Developer/Library/Frameworks",
					"$(inherited)",
				);
				INFOPLIST_FILE = MySpriteGameTests/Info.plist;
				LD_RUNPATH_SEARCH_PATHS = "$(inherited) @executable_path/Frameworks @loader_path/Frameworks";
				PRODUCT_NAME = "$(TARGET_NAME)";
				TEST_HOST = "$(BUILT_PRODUCTS_DIR)/MySpriteGame.app/MySpriteGame";
			};
			name = Release;
		};
/* End XCBuildConfiguration section */

/* Begin XCConfigurationList section */
		DB08B29E1D228A0C00CDA02A /* Build configuration list for PBXProject "MySpriteGame" */ = {
			isa = XCConfigurationList;
			buildConfigurations = (
				DB08B2C91D228A0C00CDA02A /* Debug */,
				DB08B2CA1D228A0C00CDA02A /* Release */,
			);
			defaultConfigurationIsVisible = 0;
			defaultConfigurationName = Release;
		};
		DB08B2CB1D228A0C00CDA02A /* Build configuration list for PBXNativeTarget "MySpriteGame" */ = {
			isa = XCConfigurationList;
			buildConfigurations = (
				DB08B2CC1D228A0C00CDA02A /* Debug */,
				DB08B2CD1D228A0C00CDA02A /* Release */,
			);
			defaultConfigurationIsVisible = 0;
		};
		DB08B2CE1D228A0C00CDA02A /* Build configuration list for PBXNativeTarget "MySpriteGameTests" */ = {
			isa = XCConfigurationList;
			buildConfigurations = (
				DB08B2CF1D228A0C00CDA02A /* Debug */,
				DB08B2D01D228A0C00CDA02A /* Release */,
			);
			defaultConfigurationIsVisible = 0;
		};
/* End XCConfigurationList section */
	};
	rootObject = DB08B29B1D228A0C00CDA02A /* Project object */;
}
